// !$*UTF8*$!
{
	archiveVersion = 1;
	classes = {
	};
	objectVersion = 46;
	objects = {

/* Begin PBXBuildFile section */
		520DA84515FB88B8008A5463 /* info_cell_bottom.png in Resources */ = {isa = PBXBuildFile; fileRef = 520DA83D15FB88B8008A5463 /* info_cell_bottom.png */; };
		520DA84615FB88B8008A5463 /* info_cell_bottom@2x.png in Resources */ = {isa = PBXBuildFile; fileRef = 520DA83E15FB88B8008A5463 /* info_cell_bottom@2x.png */; };
		520DA84715FB88B8008A5463 /* info_cell_middle.png in Resources */ = {isa = PBXBuildFile; fileRef = 520DA83F15FB88B8008A5463 /* info_cell_middle.png */; };
		520DA84815FB88B8008A5463 /* info_cell_middle@2x.png in Resources */ = {isa = PBXBuildFile; fileRef = 520DA84015FB88B8008A5463 /* info_cell_middle@2x.png */; };
		520DA84915FB88B8008A5463 /* info_cell_single.png in Resources */ = {isa = PBXBuildFile; fileRef = 520DA84115FB88B8008A5463 /* info_cell_single.png */; };
		520DA84A15FB88B8008A5463 /* info_cell_single@2x.png in Resources */ = {isa = PBXBuildFile; fileRef = 520DA84215FB88B8008A5463 /* info_cell_single@2x.png */; };
		520DA84B15FB88B8008A5463 /* info_cell_top.png in Resources */ = {isa = PBXBuildFile; fileRef = 520DA84315FB88B8008A5463 /* info_cell_top.png */; };
		520DA84C15FB88B8008A5463 /* info_cell_top@2x.png in Resources */ = {isa = PBXBuildFile; fileRef = 520DA84415FB88B8008A5463 /* info_cell_top@2x.png */; };
		52158DE5169855BF00AB4876 /* RouteTableViewController.m in Sources */ = {isa = PBXBuildFile; fileRef = 52158DE4169855BF00AB4876 /* RouteTableViewController.m */; };
		5216AEB015F6DA7C005DF9B2 /* data_cache.json in Resources */ = {isa = PBXBuildFile; fileRef = 5216AEAF15F6DA7C005DF9B2 /* data_cache.json */; };
		5216AF6E15FB8673005DF9B2 /* InfoDetailViewController.m in Sources */ = {isa = PBXBuildFile; fileRef = 5216AF6D15FB8670005DF9B2 /* InfoDetailViewController.m */; };
		5222D42A15D4936D007B9ABE /* Icon-Small@2x.png in Resources */ = {isa = PBXBuildFile; fileRef = 5222D42915D4936D007B9ABE /* Icon-Small@2x.png */; };
		5222D42C15D49379007B9ABE /* Icon@2x.png in Resources */ = {isa = PBXBuildFile; fileRef = 5222D42B15D49379007B9ABE /* Icon@2x.png */; };
		522CF47A157403AA006B1F04 /* BusBrainAppDelegate.m in Sources */ = {isa = PBXBuildFile; fileRef = 522CF4791574032F006B1F04 /* BusBrainAppDelegate.m */; };
		522CF48B15740422006B1F04 /* CountDownView.m in Sources */ = {isa = PBXBuildFile; fileRef = 522CF47C1574040B006B1F04 /* CountDownView.m */; };
		522CF49115740422006B1F04 /* StopTimeCell.m in Sources */ = {isa = PBXBuildFile; fileRef = 522CF48A1574040B006B1F04 /* StopTimeCell.m */; };
		522CF49F15740485006B1F04 /* InfoTableViewController.m in Sources */ = {isa = PBXBuildFile; fileRef = 522CF49515740461006B1F04 /* InfoTableViewController.m */; };
		522CF4A015740485006B1F04 /* MainTableViewController.m in Sources */ = {isa = PBXBuildFile; fileRef = 522CF49715740461006B1F04 /* MainTableViewController.m */; };
		522CF4A315740485006B1F04 /* StopTimesTableViewController.m in Sources */ = {isa = PBXBuildFile; fileRef = 522CF49D15740461006B1F04 /* StopTimesTableViewController.m */; };
		522CF4A9157404F1006B1F04 /* SVSegmentedControl.m in Sources */ = {isa = PBXBuildFile; fileRef = 522CF4A6157404F1006B1F04 /* SVSegmentedControl.m */; settings = {COMPILER_FLAGS = "-fno-objc-arc"; }; };
		522CF4AA157404F1006B1F04 /* SVSegmentedThumb.m in Sources */ = {isa = PBXBuildFile; fileRef = 522CF4A8157404F1006B1F04 /* SVSegmentedThumb.m */; settings = {COMPILER_FLAGS = "-fno-objc-arc"; }; };
		522CF4AF15740592006B1F04 /* FunnyPhrase.m in Sources */ = {isa = PBXBuildFile; fileRef = 522CF4AC15740565006B1F04 /* FunnyPhrase.m */; };
		522CF4B015740592006B1F04 /* Info.m in Sources */ = {isa = PBXBuildFile; fileRef = 522CF4AE15740565006B1F04 /* Info.m */; };
		522CF4C31574060E006B1F04 /* EGORefreshTableHeaderView.m in Sources */ = {isa = PBXBuildFile; fileRef = 522CF4B91574060E006B1F04 /* EGORefreshTableHeaderView.m */; settings = {COMPILER_FLAGS = "-fno-objc-arc"; }; };
		522CF4C41574060E006B1F04 /* blackArrow.png in Resources */ = {isa = PBXBuildFile; fileRef = 522CF4BB1574060E006B1F04 /* blackArrow.png */; };
		522CF4C51574060E006B1F04 /* blackArrow@2x.png in Resources */ = {isa = PBXBuildFile; fileRef = 522CF4BC1574060E006B1F04 /* blackArrow@2x.png */; };
		522CF4C61574060E006B1F04 /* blueArrow.png in Resources */ = {isa = PBXBuildFile; fileRef = 522CF4BD1574060E006B1F04 /* blueArrow.png */; };
		522CF4C71574060E006B1F04 /* blueArrow@2x.png in Resources */ = {isa = PBXBuildFile; fileRef = 522CF4BE1574060E006B1F04 /* blueArrow@2x.png */; };
		522CF4C81574060E006B1F04 /* grayArrow.png in Resources */ = {isa = PBXBuildFile; fileRef = 522CF4BF1574060E006B1F04 /* grayArrow.png */; };
		522CF4C91574060E006B1F04 /* grayArrow@2x.png in Resources */ = {isa = PBXBuildFile; fileRef = 522CF4C01574060E006B1F04 /* grayArrow@2x.png */; };
		522CF4CA1574060E006B1F04 /* whiteArrow.png in Resources */ = {isa = PBXBuildFile; fileRef = 522CF4C11574060E006B1F04 /* whiteArrow.png */; };
		522CF4CB1574060E006B1F04 /* whiteArrow@2x.png in Resources */ = {isa = PBXBuildFile; fileRef = 522CF4C21574060E006B1F04 /* whiteArrow@2x.png */; };
		522CF4D21574068F006B1F04 /* QuartzCore.framework in Frameworks */ = {isa = PBXBuildFile; fileRef = 522CF4D11574068F006B1F04 /* QuartzCore.framework */; };
		522CF4D41574069D006B1F04 /* CoreText.framework in Frameworks */ = {isa = PBXBuildFile; fileRef = 522CF4D31574069D006B1F04 /* CoreText.framework */; };
		522CF4D6157407D1006B1F04 /* MainWindow.xib in Resources */ = {isa = PBXBuildFile; fileRef = 522CF4D5157407D0006B1F04 /* MainWindow.xib */; };
		522CF51715740F21006B1F04 /* 11-clock.png in Resources */ = {isa = PBXBuildFile; fileRef = 522CF4E315740F21006B1F04 /* 11-clock.png */; };
		522CF51815740F21006B1F04 /* 11-clock@2x.png in Resources */ = {isa = PBXBuildFile; fileRef = 522CF4E415740F21006B1F04 /* 11-clock@2x.png */; };
		522CF51B15740F21006B1F04 /* 90-lifebuoy.png in Resources */ = {isa = PBXBuildFile; fileRef = 522CF4E715740F21006B1F04 /* 90-lifebuoy.png */; };
		522CF51C15740F21006B1F04 /* 90-lifebuoy@2x.png in Resources */ = {isa = PBXBuildFile; fileRef = 522CF4E815740F21006B1F04 /* 90-lifebuoy@2x.png */; };
		522CF51D15740F21006B1F04 /* arrow_cell.png in Resources */ = {isa = PBXBuildFile; fileRef = 522CF4E915740F21006B1F04 /* arrow_cell.png */; };
		522CF51E15740F21006B1F04 /* arrow_cell@2x.png in Resources */ = {isa = PBXBuildFile; fileRef = 522CF4EA15740F21006B1F04 /* arrow_cell@2x.png */; };
		522CF51F15740F21006B1F04 /* arrow_lg.png in Resources */ = {isa = PBXBuildFile; fileRef = 522CF4EB15740F21006B1F04 /* arrow_lg.png */; };
		522CF52015740F21006B1F04 /* arrow_lg@2x.png in Resources */ = {isa = PBXBuildFile; fileRef = 522CF4EC15740F21006B1F04 /* arrow_lg@2x.png */; };
		522CF52115740F21006B1F04 /* background_texture.png in Resources */ = {isa = PBXBuildFile; fileRef = 522CF4ED15740F21006B1F04 /* background_texture.png */; };
		522CF52215740F21006B1F04 /* background_texture@2x.png in Resources */ = {isa = PBXBuildFile; fileRef = 522CF4EE15740F21006B1F04 /* background_texture@2x.png */; };
		522CF52315740F21006B1F04 /* bg_app.png in Resources */ = {isa = PBXBuildFile; fileRef = 522CF4EF15740F21006B1F04 /* bg_app.png */; };
		522CF52415740F21006B1F04 /* bg_app@2x.png in Resources */ = {isa = PBXBuildFile; fileRef = 522CF4F015740F21006B1F04 /* bg_app@2x.png */; };
		522CF52515740F21006B1F04 /* bg_cell.png in Resources */ = {isa = PBXBuildFile; fileRef = 522CF4F115740F21006B1F04 /* bg_cell.png */; };
		522CF52615740F21006B1F04 /* bg_cell@2x.png in Resources */ = {isa = PBXBuildFile; fileRef = 522CF4F215740F21006B1F04 /* bg_cell@2x.png */; };
		522CF52715740F21006B1F04 /* bg_header.png in Resources */ = {isa = PBXBuildFile; fileRef = 522CF4F315740F21006B1F04 /* bg_header.png */; };
		522CF52815740F21006B1F04 /* bg_header@2x.png in Resources */ = {isa = PBXBuildFile; fileRef = 522CF4F415740F21006B1F04 /* bg_header@2x.png */; };
		522CF52915740F21006B1F04 /* bg_timer.png in Resources */ = {isa = PBXBuildFile; fileRef = 522CF4F515740F21006B1F04 /* bg_timer.png */; };
		522CF52A15740F21006B1F04 /* bg_timer@2x.png in Resources */ = {isa = PBXBuildFile; fileRef = 522CF4F615740F21006B1F04 /* bg_timer@2x.png */; };
		522CF52B15740F21006B1F04 /* btn_routes_norm.png in Resources */ = {isa = PBXBuildFile; fileRef = 522CF4F715740F21006B1F04 /* btn_routes_norm.png */; };
		522CF52C15740F21006B1F04 /* btn_routes_norm@2x.png in Resources */ = {isa = PBXBuildFile; fileRef = 522CF4F815740F21006B1F04 /* btn_routes_norm@2x.png */; };
		522CF52D15740F21006B1F04 /* btn.png in Resources */ = {isa = PBXBuildFile; fileRef = 522CF4F915740F21006B1F04 /* btn.png */; };
		522CF52E15740F21006B1F04 /* btn@2x.png in Resources */ = {isa = PBXBuildFile; fileRef = 522CF4FA15740F21006B1F04 /* btn@2x.png */; };
		522CF52F15740F21006B1F04 /* clock.png in Resources */ = {isa = PBXBuildFile; fileRef = 522CF4FB15740F21006B1F04 /* clock.png */; };
		522CF53015740F21006B1F04 /* clock@2x.png in Resources */ = {isa = PBXBuildFile; fileRef = 522CF4FC15740F21006B1F04 /* clock@2x.png */; };
		522CF53315740F21006B1F04 /* exclamation.png in Resources */ = {isa = PBXBuildFile; fileRef = 522CF4FF15740F21006B1F04 /* exclamation.png */; };
		522CF53415740F21006B1F04 /* exclamation@2x.png in Resources */ = {isa = PBXBuildFile; fileRef = 522CF50015740F21006B1F04 /* exclamation@2x.png */; };
		522CF53515740F21006B1F04 /* header_bar_default.png in Resources */ = {isa = PBXBuildFile; fileRef = 522CF50115740F21006B1F04 /* header_bar_default.png */; };
		522CF53615740F21006B1F04 /* header_bar_default@2x.png in Resources */ = {isa = PBXBuildFile; fileRef = 522CF50215740F21006B1F04 /* header_bar_default@2x.png */; };
		522CF53715740F21006B1F04 /* header_shadow.png in Resources */ = {isa = PBXBuildFile; fileRef = 522CF50315740F21006B1F04 /* header_shadow.png */; };
		522CF53815740F21006B1F04 /* header_shadow@2x.png in Resources */ = {isa = PBXBuildFile; fileRef = 522CF50415740F21006B1F04 /* header_shadow@2x.png */; };
		522CF53B15740F21006B1F04 /* icon_arrow.png in Resources */ = {isa = PBXBuildFile; fileRef = 522CF50715740F21006B1F04 /* icon_arrow.png */; };
		522CF53C15740F21006B1F04 /* icon_arrow@2x.png in Resources */ = {isa = PBXBuildFile; fileRef = 522CF50815740F21006B1F04 /* icon_arrow@2x.png */; };
		522CF53D15740F21006B1F04 /* icon_clock.png in Resources */ = {isa = PBXBuildFile; fileRef = 522CF50915740F21006B1F04 /* icon_clock.png */; };
		522CF53E15740F21006B1F04 /* icon_clock@2x.png in Resources */ = {isa = PBXBuildFile; fileRef = 522CF50A15740F21006B1F04 /* icon_clock@2x.png */; };
		522CF54115740F21006B1F04 /* icon_news.png in Resources */ = {isa = PBXBuildFile; fileRef = 522CF50D15740F21006B1F04 /* icon_news.png */; };
		522CF54215740F21006B1F04 /* icon_news@2x.png in Resources */ = {isa = PBXBuildFile; fileRef = 522CF50E15740F21006B1F04 /* icon_news@2x.png */; };
		522CF57715745F63006B1F04 /* NSAttributedString+Attributes.m in Sources */ = {isa = PBXBuildFile; fileRef = 522CF57415745F44006B1F04 /* NSAttributedString+Attributes.m */; settings = {COMPILER_FLAGS = "-fno-objc-arc"; }; };
		522CF57815745F63006B1F04 /* OHAttributedLabel.m in Sources */ = {isa = PBXBuildFile; fileRef = 522CF57615745F44006B1F04 /* OHAttributedLabel.m */; settings = {COMPILER_FLAGS = "-fno-objc-arc"; }; };
		522CF5C115763FEE006B1F04 /* routes.png in Resources */ = {isa = PBXBuildFile; fileRef = 522CF5C015763FEE006B1F04 /* routes.png */; };
		52340C511640A6A80001B619 /* Default@2x.png in Resources */ = {isa = PBXBuildFile; fileRef = 52340C4F1640A6A80001B619 /* Default@2x.png */; };
		52340C521640A6A80001B619 /* Default.png in Resources */ = {isa = PBXBuildFile; fileRef = 52340C501640A6A80001B619 /* Default.png */; };
		524D8D0C15FC165B00280258 /* NoStops.m in Sources */ = {isa = PBXBuildFile; fileRef = 524D8D0B15FC165B00280258 /* NoStops.m */; };
		524E60C31699DE6100964351 /* StopViewController.m in Sources */ = {isa = PBXBuildFile; fileRef = 524E60C21699DE6100964351 /* StopViewController.m */; };
		524E60C71699E21700964351 /* TripViewController.m in Sources */ = {isa = PBXBuildFile; fileRef = 524E60C61699E21700964351 /* TripViewController.m */; };
		524E60CA1699E33400964351 /* Trip.m in Sources */ = {isa = PBXBuildFile; fileRef = 524E60C91699E33400964351 /* Trip.m */; };
		52589C52166BB956002A45EB /* btn_back_down@2x.png in Resources */ = {isa = PBXBuildFile; fileRef = 52589C4E166BB956002A45EB /* btn_back_down@2x.png */; };
		52589C53166BB956002A45EB /* btn_back_down.png in Resources */ = {isa = PBXBuildFile; fileRef = 52589C4F166BB956002A45EB /* btn_back_down.png */; };
		52589C54166BB956002A45EB /* btn_back_norm.png in Resources */ = {isa = PBXBuildFile; fileRef = 52589C50166BB956002A45EB /* btn_back_norm.png */; };
		52589C55166BB956002A45EB /* btn_back_norm@2x.png in Resources */ = {isa = PBXBuildFile; fileRef = 52589C51166BB956002A45EB /* btn_back_norm@2x.png */; };
		5260A6F516A302F300AE184A /* RouteCell.m in Sources */ = {isa = PBXBuildFile; fileRef = 5260A6F416A302F300AE184A /* RouteCell.m */; };
		5260A6F816A3071A00AE184A /* TripCell.m in Sources */ = {isa = PBXBuildFile; fileRef = 5260A6F716A3071A00AE184A /* TripCell.m */; };
		5260A73B16A30F1900AE184A /* CountDownCell.m in Sources */ = {isa = PBXBuildFile; fileRef = 5260A73A16A30F1800AE184A /* CountDownCell.m */; };
		52685701158D0D07000A99BB /* BusTableCell.m in Sources */ = {isa = PBXBuildFile; fileRef = 526856FC158D0B75000A99BB /* BusTableCell.m */; };
		5274F2AC1640056A00980179 /* btn_search_down.png in Resources */ = {isa = PBXBuildFile; fileRef = 5274F2A81640056A00980179 /* btn_search_down.png */; };
		5274F2AD1640056A00980179 /* btn_search_down@2x.png in Resources */ = {isa = PBXBuildFile; fileRef = 5274F2A91640056A00980179 /* btn_search_down@2x.png */; };
		5274F2AE1640056A00980179 /* btn_search_norm.png in Resources */ = {isa = PBXBuildFile; fileRef = 5274F2AA1640056A00980179 /* btn_search_norm.png */; };
		5274F2AF1640056A00980179 /* btn_search_norm@2x.png in Resources */ = {isa = PBXBuildFile; fileRef = 5274F2AB1640056A00980179 /* btn_search_norm@2x.png */; };
		5274F2CC16405A5300980179 /* loader.png in Resources */ = {isa = PBXBuildFile; fileRef = 5274F2CA16405A5300980179 /* loader.png */; };
		5274F2CD16405A5300980179 /* loader@2x.png in Resources */ = {isa = PBXBuildFile; fileRef = 5274F2CB16405A5300980179 /* loader@2x.png */; };
		5275A17D158D15190095B382 /* BusTable.m in Sources */ = {isa = PBXBuildFile; fileRef = 5275A17A158D14980095B382 /* BusTable.m */; };
		5275A195158E64590095B382 /* BusLooknFeel.m in Sources */ = {isa = PBXBuildFile; fileRef = 5275A194158E64060095B382 /* BusLooknFeel.m */; };
		5282A38D1593FE7400B258CB /* SpashViewController.m in Sources */ = {isa = PBXBuildFile; fileRef = 5282A38B1593FDD900B258CB /* SpashViewController.m */; };
		5290EA4E15FC120B00FFE0E7 /* MessageUI.framework in Frameworks */ = {isa = PBXBuildFile; fileRef = 5290EA4D15FC120B00FFE0E7 /* MessageUI.framework */; };
		52AEC5BD1602D604004C548E /* Default-568h@2x.png in Resources */ = {isa = PBXBuildFile; fileRef = 52AEC5BC1602D604004C548E /* Default-568h@2x.png */; };
		52B98499163F63F300934EA9 /* bg_splash.png in Resources */ = {isa = PBXBuildFile; fileRef = 52B98497163F63F300934EA9 /* bg_splash.png */; };
		52B9849A163F63F300934EA9 /* bg_splash@2X.png in Resources */ = {isa = PBXBuildFile; fileRef = 52B98498163F63F300934EA9 /* bg_splash@2X.png */; };
		52B9849C163F643100934EA9 /* bg_splash-568h@2x.png in Resources */ = {isa = PBXBuildFile; fileRef = 52B9849B163F643100934EA9 /* bg_splash-568h@2x.png */; };
		52BA80791697AD6E005508A7 /* DataCache.m in Sources */ = {isa = PBXBuildFile; fileRef = 52BA80781697AD6E005508A7 /* DataCache.m */; };
		52DB933416B5534900876E04 /* libGoogleAnalytics_debug.a in Frameworks */ = {isa = PBXBuildFile; fileRef = 52DB933216B5534900876E04 /* libGoogleAnalytics_debug.a */; };
		52DB933516B5534900876E04 /* libGoogleAnalytics.a in Frameworks */ = {isa = PBXBuildFile; fileRef = 52DB933316B5534900876E04 /* libGoogleAnalytics.a */; };
		52DB933816B554DD00876E04 /* CoreData.framework in Frameworks */ = {isa = PBXBuildFile; fileRef = 52DB933716B554DD00876E04 /* CoreData.framework */; };
		52DB933A16B5552900876E04 /* SystemConfiguration.framework in Frameworks */ = {isa = PBXBuildFile; fileRef = 52DB933916B5552900876E04 /* SystemConfiguration.framework */; };
		52E627F21586CE4C00ACF885 /* StopCell.m in Sources */ = {isa = PBXBuildFile; fileRef = 52E627F01586CE4000ACF885 /* StopCell.m */; };
		52E627F515881A9F00ACF885 /* SearchTableViewController.m in Sources */ = {isa = PBXBuildFile; fileRef = 52E627F3158819B400ACF885 /* SearchTableViewController.m */; };
		52E89440167D27EE0043B492 /* onboard-568h@2x.png in Resources */ = {isa = PBXBuildFile; fileRef = 52E8943D167D27EE0043B492 /* onboard-568h@2x.png */; };
		52E89441167D27EE0043B492 /* onboard.png in Resources */ = {isa = PBXBuildFile; fileRef = 52E8943E167D27EE0043B492 /* onboard.png */; };
		52E89442167D27EE0043B492 /* onboard@2x.png in Resources */ = {isa = PBXBuildFile; fileRef = 52E8943F167D27EE0043B492 /* onboard@2x.png */; };
		52E89445167D28250043B492 /* OnboardViewController.m in Sources */ = {isa = PBXBuildFile; fileRef = 52E89444167D28250043B492 /* OnboardViewController.m */; };
		52E8949C1680070D0043B492 /* NSDate+BusBrain.m in Sources */ = {isa = PBXBuildFile; fileRef = 52E8949B1680070C0043B492 /* NSDate+BusBrain.m */; };
		52EA1597160E85AA009516ED /* CFNetwork.framework in Frameworks */ = {isa = PBXBuildFile; fileRef = 52EA1596160E85AA009516ED /* CFNetwork.framework */; };
		A14DC56F15F98D5700DAF8CB /* icon_info.png in Resources */ = {isa = PBXBuildFile; fileRef = A14DC56D15F98D5700DAF8CB /* icon_info.png */; };
		A14DC57015F98D5700DAF8CB /* icon_info@2x.png in Resources */ = {isa = PBXBuildFile; fileRef = A14DC56E15F98D5700DAF8CB /* icon_info@2x.png */; };
		A15BFA751569C5E8004651B9 /* UIKit.framework in Frameworks */ = {isa = PBXBuildFile; fileRef = A15BFA741569C5E8004651B9 /* UIKit.framework */; };
		A15BFA771569C5E8004651B9 /* Foundation.framework in Frameworks */ = {isa = PBXBuildFile; fileRef = A15BFA761569C5E8004651B9 /* Foundation.framework */; };
		A15BFA791569C5E8004651B9 /* CoreGraphics.framework in Frameworks */ = {isa = PBXBuildFile; fileRef = A15BFA781569C5E8004651B9 /* CoreGraphics.framework */; };
		A1C637AA1569C68A004D06D9 /* AFHTTPClient.m in Sources */ = {isa = PBXBuildFile; fileRef = A1C6377E1569C68A004D06D9 /* AFHTTPClient.m */; settings = {COMPILER_FLAGS = "-fno-objc-arc"; }; };
		A1C637AB1569C68A004D06D9 /* AFHTTPRequestOperation.m in Sources */ = {isa = PBXBuildFile; fileRef = A1C637801569C68A004D06D9 /* AFHTTPRequestOperation.m */; settings = {COMPILER_FLAGS = "-fno-objc-arc"; }; };
		A1C637AC1569C68A004D06D9 /* AFImageRequestOperation.m in Sources */ = {isa = PBXBuildFile; fileRef = A1C637821569C68A004D06D9 /* AFImageRequestOperation.m */; settings = {COMPILER_FLAGS = "-fno-objc-arc"; }; };
		A1C637AD1569C68A004D06D9 /* AFJSONRequestOperation.m in Sources */ = {isa = PBXBuildFile; fileRef = A1C637841569C68A004D06D9 /* AFJSONRequestOperation.m */; settings = {COMPILER_FLAGS = "-fno-objc-arc"; }; };
		A1C637AE1569C68A004D06D9 /* AFJSONUtilities.m in Sources */ = {isa = PBXBuildFile; fileRef = A1C637861569C68A004D06D9 /* AFJSONUtilities.m */; settings = {COMPILER_FLAGS = "-fno-objc-arc"; }; };
		A1C637AF1569C68A004D06D9 /* AFNetworkActivityIndicatorManager.m in Sources */ = {isa = PBXBuildFile; fileRef = A1C637881569C68A004D06D9 /* AFNetworkActivityIndicatorManager.m */; settings = {COMPILER_FLAGS = "-fno-objc-arc"; }; };
		A1C637B01569C68A004D06D9 /* AFPropertyListRequestOperation.m in Sources */ = {isa = PBXBuildFile; fileRef = A1C6378B1569C68A004D06D9 /* AFPropertyListRequestOperation.m */; settings = {COMPILER_FLAGS = "-fno-objc-arc"; }; };
		A1C637B11569C68A004D06D9 /* AFURLConnectionOperation.m in Sources */ = {isa = PBXBuildFile; fileRef = A1C6378D1569C68A004D06D9 /* AFURLConnectionOperation.m */; settings = {COMPILER_FLAGS = "-fno-objc-arc"; }; };
		A1C637B21569C68A004D06D9 /* AFXMLRequestOperation.m in Sources */ = {isa = PBXBuildFile; fileRef = A1C6378F1569C68A004D06D9 /* AFXMLRequestOperation.m */; settings = {COMPILER_FLAGS = "-fno-objc-arc"; }; };
		A1C637B31569C68A004D06D9 /* UIImageView+AFNetworking.m in Sources */ = {isa = PBXBuildFile; fileRef = A1C637911569C68A004D06D9 /* UIImageView+AFNetworking.m */; settings = {COMPILER_FLAGS = "-fno-objc-arc"; }; };
		A1C637B51569C68A004D06D9 /* MBProgressHUD.m in Sources */ = {isa = PBXBuildFile; fileRef = A1C637961569C68A004D06D9 /* MBProgressHUD.m */; settings = {COMPILER_FLAGS = "-fno-objc-arc"; }; };
		A1C637B71569C68A004D06D9 /* Route.m in Sources */ = {isa = PBXBuildFile; fileRef = A1C6379B1569C68A004D06D9 /* Route.m */; };
		A1C637B81569C68A004D06D9 /* Stop.m in Sources */ = {isa = PBXBuildFile; fileRef = A1C6379D1569C68A004D06D9 /* Stop.m */; };
		A1C637B91569C68A004D06D9 /* StopTime.m in Sources */ = {isa = PBXBuildFile; fileRef = A1C6379F1569C68A004D06D9 /* StopTime.m */; };
		A1C637BB1569C68A004D06D9 /* TransitAPIClient.m in Sources */ = {isa = PBXBuildFile; fileRef = A1C637A31569C68A004D06D9 /* TransitAPIClient.m */; };
		A1C637BC1569C68A004D06D9 /* InfoPlist.strings in Resources */ = {isa = PBXBuildFile; fileRef = A1C637A51569C68A004D06D9 /* InfoPlist.strings */; };
		A1C637BD1569C68A004D06D9 /* main.m in Sources */ = {isa = PBXBuildFile; fileRef = A1C637A71569C68A004D06D9 /* main.m */; };
		A1C637C01569C6C7004D06D9 /* NSString+BeetleFight.m in Sources */ = {isa = PBXBuildFile; fileRef = A1C637BF1569C6C7004D06D9 /* NSString+BeetleFight.m */; };
		A1C637C21569C6FD004D06D9 /* MapKit.framework in Frameworks */ = {isa = PBXBuildFile; fileRef = A1C637C11569C6FD004D06D9 /* MapKit.framework */; };
		A1C637C41569C75F004D06D9 /* CoreLocation.framework in Frameworks */ = {isa = PBXBuildFile; fileRef = A1C637C31569C75F004D06D9 /* CoreLocation.framework */; };
/* End PBXBuildFile section */

/* Begin PBXFileReference section */
		520DA83D15FB88B8008A5463 /* info_cell_bottom.png */ = {isa = PBXFileReference; lastKnownFileType = image.png; path = info_cell_bottom.png; sourceTree = "<group>"; };
		520DA83E15FB88B8008A5463 /* info_cell_bottom@2x.png */ = {isa = PBXFileReference; lastKnownFileType = image.png; path = "info_cell_bottom@2x.png"; sourceTree = "<group>"; };
		520DA83F15FB88B8008A5463 /* info_cell_middle.png */ = {isa = PBXFileReference; lastKnownFileType = image.png; path = info_cell_middle.png; sourceTree = "<group>"; };
		520DA84015FB88B8008A5463 /* info_cell_middle@2x.png */ = {isa = PBXFileReference; lastKnownFileType = image.png; path = "info_cell_middle@2x.png"; sourceTree = "<group>"; };
		520DA84115FB88B8008A5463 /* info_cell_single.png */ = {isa = PBXFileReference; lastKnownFileType = image.png; path = info_cell_single.png; sourceTree = "<group>"; };
		520DA84215FB88B8008A5463 /* info_cell_single@2x.png */ = {isa = PBXFileReference; lastKnownFileType = image.png; path = "info_cell_single@2x.png"; sourceTree = "<group>"; };
		520DA84315FB88B8008A5463 /* info_cell_top.png */ = {isa = PBXFileReference; lastKnownFileType = image.png; path = info_cell_top.png; sourceTree = "<group>"; };
		520DA84415FB88B8008A5463 /* info_cell_top@2x.png */ = {isa = PBXFileReference; lastKnownFileType = image.png; path = "info_cell_top@2x.png"; sourceTree = "<group>"; };
		52158DE3169855BF00AB4876 /* RouteTableViewController.h */ = {isa = PBXFileReference; fileEncoding = 4; lastKnownFileType = sourcecode.c.h; path = RouteTableViewController.h; sourceTree = "<group>"; };
		52158DE4169855BF00AB4876 /* RouteTableViewController.m */ = {isa = PBXFileReference; fileEncoding = 4; lastKnownFileType = sourcecode.c.objc; path = RouteTableViewController.m; sourceTree = "<group>"; };
		5216AEAF15F6DA7C005DF9B2 /* data_cache.json */ = {isa = PBXFileReference; fileEncoding = 4; lastKnownFileType = text.json; name = data_cache.json; path = Data/data_cache.json; sourceTree = "<group>"; };
		5216AF6C15FB866E005DF9B2 /* InfoDetailViewController.h */ = {isa = PBXFileReference; fileEncoding = 4; lastKnownFileType = sourcecode.c.h; path = InfoDetailViewController.h; sourceTree = "<group>"; };
		5216AF6D15FB8670005DF9B2 /* InfoDetailViewController.m */ = {isa = PBXFileReference; fileEncoding = 4; lastKnownFileType = sourcecode.c.objc; path = InfoDetailViewController.m; sourceTree = "<group>"; };
		5222D42915D4936D007B9ABE /* Icon-Small@2x.png */ = {isa = PBXFileReference; lastKnownFileType = image.png; path = "Icon-Small@2x.png"; sourceTree = "<group>"; };
		5222D42B15D49379007B9ABE /* Icon@2x.png */ = {isa = PBXFileReference; lastKnownFileType = image.png; path = "Icon@2x.png"; sourceTree = "<group>"; };
		522CF4781574032F006B1F04 /* BusBrainAppDelegate.h */ = {isa = PBXFileReference; lastKnownFileType = sourcecode.c.h; path = BusBrainAppDelegate.h; sourceTree = "<group>"; };
		522CF4791574032F006B1F04 /* BusBrainAppDelegate.m */ = {isa = PBXFileReference; lastKnownFileType = sourcecode.c.objc; path = BusBrainAppDelegate.m; sourceTree = "<group>"; };
		522CF47B1574040B006B1F04 /* CountDownView.h */ = {isa = PBXFileReference; lastKnownFileType = sourcecode.c.h; path = CountDownView.h; sourceTree = "<group>"; };
		522CF47C1574040B006B1F04 /* CountDownView.m */ = {isa = PBXFileReference; lastKnownFileType = sourcecode.c.objc; path = CountDownView.m; sourceTree = "<group>"; };
		522CF4891574040B006B1F04 /* StopTimeCell.h */ = {isa = PBXFileReference; lastKnownFileType = sourcecode.c.h; path = StopTimeCell.h; sourceTree = "<group>"; };
		522CF48A1574040B006B1F04 /* StopTimeCell.m */ = {isa = PBXFileReference; lastKnownFileType = sourcecode.c.objc; path = StopTimeCell.m; sourceTree = "<group>"; };
		522CF49415740461006B1F04 /* InfoTableViewController.h */ = {isa = PBXFileReference; lastKnownFileType = sourcecode.c.h; path = InfoTableViewController.h; sourceTree = "<group>"; };
		522CF49515740461006B1F04 /* InfoTableViewController.m */ = {isa = PBXFileReference; lastKnownFileType = sourcecode.c.objc; path = InfoTableViewController.m; sourceTree = "<group>"; };
		522CF49615740461006B1F04 /* MainTableViewController.h */ = {isa = PBXFileReference; lastKnownFileType = sourcecode.c.h; path = MainTableViewController.h; sourceTree = "<group>"; };
		522CF49715740461006B1F04 /* MainTableViewController.m */ = {isa = PBXFileReference; lastKnownFileType = sourcecode.c.objc; path = MainTableViewController.m; sourceTree = "<group>"; };
		522CF49C15740461006B1F04 /* StopTimesTableViewController.h */ = {isa = PBXFileReference; lastKnownFileType = sourcecode.c.h; path = StopTimesTableViewController.h; sourceTree = "<group>"; };
		522CF49D15740461006B1F04 /* StopTimesTableViewController.m */ = {isa = PBXFileReference; lastKnownFileType = sourcecode.c.objc; path = StopTimesTableViewController.m; sourceTree = "<group>"; };
		522CF4A5157404F1006B1F04 /* SVSegmentedControl.h */ = {isa = PBXFileReference; fileEncoding = 4; lastKnownFileType = sourcecode.c.h; path = SVSegmentedControl.h; sourceTree = "<group>"; };
		522CF4A6157404F1006B1F04 /* SVSegmentedControl.m */ = {isa = PBXFileReference; fileEncoding = 4; lastKnownFileType = sourcecode.c.objc; path = SVSegmentedControl.m; sourceTree = "<group>"; };
		522CF4A7157404F1006B1F04 /* SVSegmentedThumb.h */ = {isa = PBXFileReference; fileEncoding = 4; lastKnownFileType = sourcecode.c.h; path = SVSegmentedThumb.h; sourceTree = "<group>"; };
		522CF4A8157404F1006B1F04 /* SVSegmentedThumb.m */ = {isa = PBXFileReference; fileEncoding = 4; lastKnownFileType = sourcecode.c.objc; path = SVSegmentedThumb.m; sourceTree = "<group>"; };
		522CF4AB15740565006B1F04 /* FunnyPhrase.h */ = {isa = PBXFileReference; lastKnownFileType = sourcecode.c.h; path = FunnyPhrase.h; sourceTree = "<group>"; };
		522CF4AC15740565006B1F04 /* FunnyPhrase.m */ = {isa = PBXFileReference; lastKnownFileType = sourcecode.c.objc; path = FunnyPhrase.m; sourceTree = "<group>"; };
		522CF4AD15740565006B1F04 /* Info.h */ = {isa = PBXFileReference; lastKnownFileType = sourcecode.c.h; path = Info.h; sourceTree = "<group>"; };
		522CF4AE15740565006B1F04 /* Info.m */ = {isa = PBXFileReference; lastKnownFileType = sourcecode.c.objc; path = Info.m; sourceTree = "<group>"; };
		522CF4B81574060E006B1F04 /* EGORefreshTableHeaderView.h */ = {isa = PBXFileReference; fileEncoding = 4; lastKnownFileType = sourcecode.c.h; path = EGORefreshTableHeaderView.h; sourceTree = "<group>"; };
		522CF4B91574060E006B1F04 /* EGORefreshTableHeaderView.m */ = {isa = PBXFileReference; fileEncoding = 4; lastKnownFileType = sourcecode.c.objc; path = EGORefreshTableHeaderView.m; sourceTree = "<group>"; };
		522CF4BB1574060E006B1F04 /* blackArrow.png */ = {isa = PBXFileReference; lastKnownFileType = image.png; path = blackArrow.png; sourceTree = "<group>"; };
		522CF4BC1574060E006B1F04 /* blackArrow@2x.png */ = {isa = PBXFileReference; lastKnownFileType = image.png; path = "blackArrow@2x.png"; sourceTree = "<group>"; };
		522CF4BD1574060E006B1F04 /* blueArrow.png */ = {isa = PBXFileReference; lastKnownFileType = image.png; path = blueArrow.png; sourceTree = "<group>"; };
		522CF4BE1574060E006B1F04 /* blueArrow@2x.png */ = {isa = PBXFileReference; lastKnownFileType = image.png; path = "blueArrow@2x.png"; sourceTree = "<group>"; };
		522CF4BF1574060E006B1F04 /* grayArrow.png */ = {isa = PBXFileReference; lastKnownFileType = image.png; path = grayArrow.png; sourceTree = "<group>"; };
		522CF4C01574060E006B1F04 /* grayArrow@2x.png */ = {isa = PBXFileReference; lastKnownFileType = image.png; path = "grayArrow@2x.png"; sourceTree = "<group>"; };
		522CF4C11574060E006B1F04 /* whiteArrow.png */ = {isa = PBXFileReference; lastKnownFileType = image.png; path = whiteArrow.png; sourceTree = "<group>"; };
		522CF4C21574060E006B1F04 /* whiteArrow@2x.png */ = {isa = PBXFileReference; lastKnownFileType = image.png; path = "whiteArrow@2x.png"; sourceTree = "<group>"; };
		522CF4D11574068F006B1F04 /* QuartzCore.framework */ = {isa = PBXFileReference; lastKnownFileType = wrapper.framework; name = QuartzCore.framework; path = System/Library/Frameworks/QuartzCore.framework; sourceTree = SDKROOT; };
		522CF4D31574069D006B1F04 /* CoreText.framework */ = {isa = PBXFileReference; lastKnownFileType = wrapper.framework; name = CoreText.framework; path = System/Library/Frameworks/CoreText.framework; sourceTree = SDKROOT; };
		522CF4D5157407D0006B1F04 /* MainWindow.xib */ = {isa = PBXFileReference; fileEncoding = 4; lastKnownFileType = file.xib; path = MainWindow.xib; sourceTree = "<group>"; };
		522CF4E315740F21006B1F04 /* 11-clock.png */ = {isa = PBXFileReference; lastKnownFileType = image.png; path = "11-clock.png"; sourceTree = "<group>"; };
		522CF4E415740F21006B1F04 /* 11-clock@2x.png */ = {isa = PBXFileReference; lastKnownFileType = image.png; path = "11-clock@2x.png"; sourceTree = "<group>"; };
		522CF4E715740F21006B1F04 /* 90-lifebuoy.png */ = {isa = PBXFileReference; lastKnownFileType = image.png; path = "90-lifebuoy.png"; sourceTree = "<group>"; };
		522CF4E815740F21006B1F04 /* 90-lifebuoy@2x.png */ = {isa = PBXFileReference; lastKnownFileType = image.png; path = "90-lifebuoy@2x.png"; sourceTree = "<group>"; };
		522CF4E915740F21006B1F04 /* arrow_cell.png */ = {isa = PBXFileReference; lastKnownFileType = image.png; path = arrow_cell.png; sourceTree = "<group>"; };
		522CF4EA15740F21006B1F04 /* arrow_cell@2x.png */ = {isa = PBXFileReference; lastKnownFileType = image.png; path = "arrow_cell@2x.png"; sourceTree = "<group>"; };
		522CF4EB15740F21006B1F04 /* arrow_lg.png */ = {isa = PBXFileReference; lastKnownFileType = image.png; path = arrow_lg.png; sourceTree = "<group>"; };
		522CF4EC15740F21006B1F04 /* arrow_lg@2x.png */ = {isa = PBXFileReference; lastKnownFileType = image.png; path = "arrow_lg@2x.png"; sourceTree = "<group>"; };
		522CF4ED15740F21006B1F04 /* background_texture.png */ = {isa = PBXFileReference; lastKnownFileType = image.png; path = background_texture.png; sourceTree = "<group>"; };
		522CF4EE15740F21006B1F04 /* background_texture@2x.png */ = {isa = PBXFileReference; lastKnownFileType = image.png; path = "background_texture@2x.png"; sourceTree = "<group>"; };
		522CF4EF15740F21006B1F04 /* bg_app.png */ = {isa = PBXFileReference; lastKnownFileType = image.png; path = bg_app.png; sourceTree = "<group>"; };
		522CF4F015740F21006B1F04 /* bg_app@2x.png */ = {isa = PBXFileReference; lastKnownFileType = image.png; path = "bg_app@2x.png"; sourceTree = "<group>"; };
		522CF4F115740F21006B1F04 /* bg_cell.png */ = {isa = PBXFileReference; lastKnownFileType = image.png; path = bg_cell.png; sourceTree = "<group>"; };
		522CF4F215740F21006B1F04 /* bg_cell@2x.png */ = {isa = PBXFileReference; lastKnownFileType = image.png; path = "bg_cell@2x.png"; sourceTree = "<group>"; };
		522CF4F315740F21006B1F04 /* bg_header.png */ = {isa = PBXFileReference; lastKnownFileType = image.png; path = bg_header.png; sourceTree = "<group>"; };
		522CF4F415740F21006B1F04 /* bg_header@2x.png */ = {isa = PBXFileReference; lastKnownFileType = image.png; path = "bg_header@2x.png"; sourceTree = "<group>"; };
		522CF4F515740F21006B1F04 /* bg_timer.png */ = {isa = PBXFileReference; lastKnownFileType = image.png; path = bg_timer.png; sourceTree = "<group>"; };
		522CF4F615740F21006B1F04 /* bg_timer@2x.png */ = {isa = PBXFileReference; lastKnownFileType = image.png; path = "bg_timer@2x.png"; sourceTree = "<group>"; };
		522CF4F715740F21006B1F04 /* btn_routes_norm.png */ = {isa = PBXFileReference; lastKnownFileType = image.png; path = btn_routes_norm.png; sourceTree = "<group>"; };
		522CF4F815740F21006B1F04 /* btn_routes_norm@2x.png */ = {isa = PBXFileReference; lastKnownFileType = image.png; path = "btn_routes_norm@2x.png"; sourceTree = "<group>"; };
		522CF4F915740F21006B1F04 /* btn.png */ = {isa = PBXFileReference; lastKnownFileType = image.png; path = btn.png; sourceTree = "<group>"; };
		522CF4FA15740F21006B1F04 /* btn@2x.png */ = {isa = PBXFileReference; lastKnownFileType = image.png; path = "btn@2x.png"; sourceTree = "<group>"; };
		522CF4FB15740F21006B1F04 /* clock.png */ = {isa = PBXFileReference; lastKnownFileType = image.png; path = clock.png; sourceTree = "<group>"; };
		522CF4FC15740F21006B1F04 /* clock@2x.png */ = {isa = PBXFileReference; lastKnownFileType = image.png; path = "clock@2x.png"; sourceTree = "<group>"; };
		522CF4FF15740F21006B1F04 /* exclamation.png */ = {isa = PBXFileReference; lastKnownFileType = image.png; path = exclamation.png; sourceTree = "<group>"; };
		522CF50015740F21006B1F04 /* exclamation@2x.png */ = {isa = PBXFileReference; lastKnownFileType = image.png; path = "exclamation@2x.png"; sourceTree = "<group>"; };
		522CF50115740F21006B1F04 /* header_bar_default.png */ = {isa = PBXFileReference; lastKnownFileType = image.png; path = header_bar_default.png; sourceTree = "<group>"; };
		522CF50215740F21006B1F04 /* header_bar_default@2x.png */ = {isa = PBXFileReference; lastKnownFileType = image.png; path = "header_bar_default@2x.png"; sourceTree = "<group>"; };
		522CF50315740F21006B1F04 /* header_shadow.png */ = {isa = PBXFileReference; lastKnownFileType = image.png; path = header_shadow.png; sourceTree = "<group>"; };
		522CF50415740F21006B1F04 /* header_shadow@2x.png */ = {isa = PBXFileReference; lastKnownFileType = image.png; path = "header_shadow@2x.png"; sourceTree = "<group>"; };
		522CF50715740F21006B1F04 /* icon_arrow.png */ = {isa = PBXFileReference; lastKnownFileType = image.png; path = icon_arrow.png; sourceTree = "<group>"; };
		522CF50815740F21006B1F04 /* icon_arrow@2x.png */ = {isa = PBXFileReference; lastKnownFileType = image.png; path = "icon_arrow@2x.png"; sourceTree = "<group>"; };
		522CF50915740F21006B1F04 /* icon_clock.png */ = {isa = PBXFileReference; lastKnownFileType = image.png; path = icon_clock.png; sourceTree = "<group>"; };
		522CF50A15740F21006B1F04 /* icon_clock@2x.png */ = {isa = PBXFileReference; lastKnownFileType = image.png; path = "icon_clock@2x.png"; sourceTree = "<group>"; };
		522CF50D15740F21006B1F04 /* icon_news.png */ = {isa = PBXFileReference; lastKnownFileType = image.png; path = icon_news.png; sourceTree = "<group>"; };
		522CF50E15740F21006B1F04 /* icon_news@2x.png */ = {isa = PBXFileReference; lastKnownFileType = image.png; path = "icon_news@2x.png"; sourceTree = "<group>"; };
		522CF57315745F44006B1F04 /* NSAttributedString+Attributes.h */ = {isa = PBXFileReference; lastKnownFileType = sourcecode.c.h; name = "NSAttributedString+Attributes.h"; path = "OHAttributedLabel/NSAttributedString+Attributes.h"; sourceTree = "<group>"; };
		522CF57415745F44006B1F04 /* NSAttributedString+Attributes.m */ = {isa = PBXFileReference; lastKnownFileType = sourcecode.c.objc; name = "NSAttributedString+Attributes.m"; path = "OHAttributedLabel/NSAttributedString+Attributes.m"; sourceTree = "<group>"; };
		522CF57515745F44006B1F04 /* OHAttributedLabel.h */ = {isa = PBXFileReference; lastKnownFileType = sourcecode.c.h; name = OHAttributedLabel.h; path = OHAttributedLabel/OHAttributedLabel.h; sourceTree = "<group>"; };
		522CF57615745F44006B1F04 /* OHAttributedLabel.m */ = {isa = PBXFileReference; lastKnownFileType = sourcecode.c.objc; name = OHAttributedLabel.m; path = OHAttributedLabel/OHAttributedLabel.m; sourceTree = "<group>"; };
		522CF5C015763FEE006B1F04 /* routes.png */ = {isa = PBXFileReference; lastKnownFileType = image.png; name = routes.png; path = Mockups/routes.png; sourceTree = SOURCE_ROOT; };
		52340C4F1640A6A80001B619 /* Default@2x.png */ = {isa = PBXFileReference; lastKnownFileType = image.png; path = "Default@2x.png"; sourceTree = "<group>"; };
		52340C501640A6A80001B619 /* Default.png */ = {isa = PBXFileReference; lastKnownFileType = image.png; path = Default.png; sourceTree = "<group>"; };
		5248745F159D33DA00DADD72 /* MBProgressHUD.h */ = {isa = PBXFileReference; lastKnownFileType = sourcecode.c.h; path = MBProgressHUD.h; sourceTree = "<group>"; };
		524D8D0A15FC165B00280258 /* NoStops.h */ = {isa = PBXFileReference; fileEncoding = 4; lastKnownFileType = sourcecode.c.h; path = NoStops.h; sourceTree = "<group>"; };
		524D8D0B15FC165B00280258 /* NoStops.m */ = {isa = PBXFileReference; fileEncoding = 4; lastKnownFileType = sourcecode.c.objc; path = NoStops.m; sourceTree = "<group>"; };
		524E60C11699DE6100964351 /* StopViewController.h */ = {isa = PBXFileReference; fileEncoding = 4; lastKnownFileType = sourcecode.c.h; path = StopViewController.h; sourceTree = "<group>"; };
		524E60C21699DE6100964351 /* StopViewController.m */ = {isa = PBXFileReference; fileEncoding = 4; lastKnownFileType = sourcecode.c.objc; path = StopViewController.m; sourceTree = "<group>"; };
		524E60C51699E21700964351 /* TripViewController.h */ = {isa = PBXFileReference; fileEncoding = 4; lastKnownFileType = sourcecode.c.h; path = TripViewController.h; sourceTree = "<group>"; };
		524E60C61699E21700964351 /* TripViewController.m */ = {isa = PBXFileReference; fileEncoding = 4; lastKnownFileType = sourcecode.c.objc; path = TripViewController.m; sourceTree = "<group>"; };
		524E60C81699E33400964351 /* Trip.h */ = {isa = PBXFileReference; fileEncoding = 4; lastKnownFileType = sourcecode.c.h; path = Trip.h; sourceTree = "<group>"; };
		524E60C91699E33400964351 /* Trip.m */ = {isa = PBXFileReference; fileEncoding = 4; lastKnownFileType = sourcecode.c.objc; path = Trip.m; sourceTree = "<group>"; };
		52589C4E166BB956002A45EB /* btn_back_down@2x.png */ = {isa = PBXFileReference; lastKnownFileType = image.png; path = "btn_back_down@2x.png"; sourceTree = "<group>"; };
		52589C4F166BB956002A45EB /* btn_back_down.png */ = {isa = PBXFileReference; lastKnownFileType = image.png; path = btn_back_down.png; sourceTree = "<group>"; };
		52589C50166BB956002A45EB /* btn_back_norm.png */ = {isa = PBXFileReference; lastKnownFileType = image.png; path = btn_back_norm.png; sourceTree = "<group>"; };
		52589C51166BB956002A45EB /* btn_back_norm@2x.png */ = {isa = PBXFileReference; lastKnownFileType = image.png; path = "btn_back_norm@2x.png"; sourceTree = "<group>"; };
		5260A6F316A302F300AE184A /* RouteCell.h */ = {isa = PBXFileReference; fileEncoding = 4; lastKnownFileType = sourcecode.c.h; path = RouteCell.h; sourceTree = "<group>"; };
		5260A6F416A302F300AE184A /* RouteCell.m */ = {isa = PBXFileReference; fileEncoding = 4; lastKnownFileType = sourcecode.c.objc; path = RouteCell.m; sourceTree = "<group>"; };
		5260A6F616A3071900AE184A /* TripCell.h */ = {isa = PBXFileReference; fileEncoding = 4; lastKnownFileType = sourcecode.c.h; path = TripCell.h; sourceTree = "<group>"; };
		5260A6F716A3071A00AE184A /* TripCell.m */ = {isa = PBXFileReference; fileEncoding = 4; lastKnownFileType = sourcecode.c.objc; path = TripCell.m; sourceTree = "<group>"; };
		5260A73916A30F1700AE184A /* CountDownCell.h */ = {isa = PBXFileReference; fileEncoding = 4; lastKnownFileType = sourcecode.c.h; path = CountDownCell.h; sourceTree = "<group>"; };
		5260A73A16A30F1800AE184A /* CountDownCell.m */ = {isa = PBXFileReference; fileEncoding = 4; lastKnownFileType = sourcecode.c.objc; path = CountDownCell.m; sourceTree = "<group>"; };
		526856FB158D0B74000A99BB /* BusTableCell.h */ = {isa = PBXFileReference; lastKnownFileType = sourcecode.c.h; path = BusTableCell.h; sourceTree = "<group>"; };
		526856FC158D0B75000A99BB /* BusTableCell.m */ = {isa = PBXFileReference; lastKnownFileType = sourcecode.c.objc; path = BusTableCell.m; sourceTree = "<group>"; };
		5274F2A81640056A00980179 /* btn_search_down.png */ = {isa = PBXFileReference; lastKnownFileType = image.png; path = btn_search_down.png; sourceTree = "<group>"; };
		5274F2A91640056A00980179 /* btn_search_down@2x.png */ = {isa = PBXFileReference; lastKnownFileType = image.png; path = "btn_search_down@2x.png"; sourceTree = "<group>"; };
		5274F2AA1640056A00980179 /* btn_search_norm.png */ = {isa = PBXFileReference; lastKnownFileType = image.png; path = btn_search_norm.png; sourceTree = "<group>"; };
		5274F2AB1640056A00980179 /* btn_search_norm@2x.png */ = {isa = PBXFileReference; lastKnownFileType = image.png; path = "btn_search_norm@2x.png"; sourceTree = "<group>"; };
		5274F2CA16405A5300980179 /* loader.png */ = {isa = PBXFileReference; lastKnownFileType = image.png; path = loader.png; sourceTree = "<group>"; };
		5274F2CB16405A5300980179 /* loader@2x.png */ = {isa = PBXFileReference; lastKnownFileType = image.png; path = "loader@2x.png"; sourceTree = "<group>"; };
		5275A17A158D14980095B382 /* BusTable.m */ = {isa = PBXFileReference; lastKnownFileType = sourcecode.c.objc; path = BusTable.m; sourceTree = "<group>"; };
		5275A17B158D14980095B382 /* BusTable.h */ = {isa = PBXFileReference; lastKnownFileType = sourcecode.c.h; path = BusTable.h; sourceTree = "<group>"; };
		5275A193158E64060095B382 /* BusLooknFeel.h */ = {isa = PBXFileReference; lastKnownFileType = sourcecode.c.h; path = BusLooknFeel.h; sourceTree = "<group>"; };
		5275A194158E64060095B382 /* BusLooknFeel.m */ = {isa = PBXFileReference; lastKnownFileType = sourcecode.c.objc; path = BusLooknFeel.m; sourceTree = "<group>"; };
		5282A38B1593FDD900B258CB /* SpashViewController.m */ = {isa = PBXFileReference; lastKnownFileType = sourcecode.c.objc; path = SpashViewController.m; sourceTree = "<group>"; };
		5282A38C1593FDDA00B258CB /* SpashViewController.h */ = {isa = PBXFileReference; lastKnownFileType = sourcecode.c.h; path = SpashViewController.h; sourceTree = "<group>"; };
		5290EA4D15FC120B00FFE0E7 /* MessageUI.framework */ = {isa = PBXFileReference; lastKnownFileType = wrapper.framework; name = MessageUI.framework; path = System/Library/Frameworks/MessageUI.framework; sourceTree = SDKROOT; };
		52AEC5BC1602D604004C548E /* Default-568h@2x.png */ = {isa = PBXFileReference; lastKnownFileType = image.png; path = "Default-568h@2x.png"; sourceTree = "<group>"; };
		52B98497163F63F300934EA9 /* bg_splash.png */ = {isa = PBXFileReference; lastKnownFileType = image.png; path = bg_splash.png; sourceTree = "<group>"; };
		52B98498163F63F300934EA9 /* bg_splash@2X.png */ = {isa = PBXFileReference; lastKnownFileType = image.png; path = "bg_splash@2X.png"; sourceTree = "<group>"; };
		52B9849B163F643100934EA9 /* bg_splash-568h@2x.png */ = {isa = PBXFileReference; lastKnownFileType = image.png; path = "bg_splash-568h@2x.png"; sourceTree = "<group>"; };
		52BA80771697AD6E005508A7 /* DataCache.h */ = {isa = PBXFileReference; fileEncoding = 4; lastKnownFileType = sourcecode.c.h; path = DataCache.h; sourceTree = "<group>"; };
		52BA80781697AD6E005508A7 /* DataCache.m */ = {isa = PBXFileReference; fileEncoding = 4; lastKnownFileType = sourcecode.c.objc; path = DataCache.m; sourceTree = "<group>"; };
		52DB932D16B5534900876E04 /* GAI.h */ = {isa = PBXFileReference; fileEncoding = 4; lastKnownFileType = sourcecode.c.h; name = GAI.h; path = Google/GAI.h; sourceTree = "<group>"; };
		52DB932E16B5534900876E04 /* GAITrackedViewController.h */ = {isa = PBXFileReference; fileEncoding = 4; lastKnownFileType = sourcecode.c.h; name = GAITrackedViewController.h; path = Google/GAITrackedViewController.h; sourceTree = "<group>"; };
		52DB932F16B5534900876E04 /* GAITracker.h */ = {isa = PBXFileReference; fileEncoding = 4; lastKnownFileType = sourcecode.c.h; name = GAITracker.h; path = Google/GAITracker.h; sourceTree = "<group>"; };
		52DB933016B5534900876E04 /* GAITransaction.h */ = {isa = PBXFileReference; fileEncoding = 4; lastKnownFileType = sourcecode.c.h; name = GAITransaction.h; path = Google/GAITransaction.h; sourceTree = "<group>"; };
		52DB933116B5534900876E04 /* GAITransactionItem.h */ = {isa = PBXFileReference; fileEncoding = 4; lastKnownFileType = sourcecode.c.h; name = GAITransactionItem.h; path = Google/GAITransactionItem.h; sourceTree = "<group>"; };
		52DB933216B5534900876E04 /* libGoogleAnalytics_debug.a */ = {isa = PBXFileReference; lastKnownFileType = archive.ar; name = libGoogleAnalytics_debug.a; path = Google/libGoogleAnalytics_debug.a; sourceTree = "<group>"; };
		52DB933316B5534900876E04 /* libGoogleAnalytics.a */ = {isa = PBXFileReference; lastKnownFileType = archive.ar; name = libGoogleAnalytics.a; path = Google/libGoogleAnalytics.a; sourceTree = "<group>"; };
		52DB933716B554DD00876E04 /* CoreData.framework */ = {isa = PBXFileReference; lastKnownFileType = wrapper.framework; name = CoreData.framework; path = System/Library/Frameworks/CoreData.framework; sourceTree = SDKROOT; };
		52DB933916B5552900876E04 /* SystemConfiguration.framework */ = {isa = PBXFileReference; lastKnownFileType = wrapper.framework; name = SystemConfiguration.framework; path = System/Library/Frameworks/SystemConfiguration.framework; sourceTree = SDKROOT; };
		52E627EF1586CE4000ACF885 /* StopCell.h */ = {isa = PBXFileReference; lastKnownFileType = sourcecode.c.h; path = StopCell.h; sourceTree = "<group>"; };
		52E627F01586CE4000ACF885 /* StopCell.m */ = {isa = PBXFileReference; lastKnownFileType = sourcecode.c.objc; path = StopCell.m; sourceTree = "<group>"; };
		52E627F3158819B400ACF885 /* SearchTableViewController.m */ = {isa = PBXFileReference; lastKnownFileType = sourcecode.c.objc; path = SearchTableViewController.m; sourceTree = "<group>"; };
		52E627F4158819B400ACF885 /* SearchTableViewController.h */ = {isa = PBXFileReference; lastKnownFileType = sourcecode.c.h; path = SearchTableViewController.h; sourceTree = "<group>"; };
		52E8943D167D27EE0043B492 /* onboard-568h@2x.png */ = {isa = PBXFileReference; lastKnownFileType = image.png; path = "onboard-568h@2x.png"; sourceTree = "<group>"; };
		52E8943E167D27EE0043B492 /* onboard.png */ = {isa = PBXFileReference; lastKnownFileType = image.png; path = onboard.png; sourceTree = "<group>"; };
		52E8943F167D27EE0043B492 /* onboard@2x.png */ = {isa = PBXFileReference; lastKnownFileType = image.png; path = "onboard@2x.png"; sourceTree = "<group>"; };
		52E89443167D28250043B492 /* OnboardViewController.h */ = {isa = PBXFileReference; fileEncoding = 4; lastKnownFileType = sourcecode.c.h; path = OnboardViewController.h; sourceTree = "<group>"; };
		52E89444167D28250043B492 /* OnboardViewController.m */ = {isa = PBXFileReference; fileEncoding = 4; lastKnownFileType = sourcecode.c.objc; path = OnboardViewController.m; sourceTree = "<group>"; };
		52E8949A1680070C0043B492 /* NSDate+BusBrain.h */ = {isa = PBXFileReference; fileEncoding = 4; lastKnownFileType = sourcecode.c.h; path = "NSDate+BusBrain.h"; sourceTree = "<group>"; };
		52E8949B1680070C0043B492 /* NSDate+BusBrain.m */ = {isa = PBXFileReference; fileEncoding = 4; lastKnownFileType = sourcecode.c.objc; path = "NSDate+BusBrain.m"; sourceTree = "<group>"; };
		52EA1596160E85AA009516ED /* CFNetwork.framework */ = {isa = PBXFileReference; lastKnownFileType = wrapper.framework; name = CFNetwork.framework; path = System/Library/Frameworks/CFNetwork.framework; sourceTree = SDKROOT; };
		A14DC56D15F98D5700DAF8CB /* icon_info.png */ = {isa = PBXFileReference; lastKnownFileType = image.png; name = icon_info.png; path = ../Classes/icon_info.png; sourceTree = "<group>"; };
		A14DC56E15F98D5700DAF8CB /* icon_info@2x.png */ = {isa = PBXFileReference; lastKnownFileType = image.png; name = "icon_info@2x.png"; path = "../Classes/icon_info@2x.png"; sourceTree = "<group>"; };
		A15BFA701569C5E8004651B9 /* BusBrain.app */ = {isa = PBXFileReference; explicitFileType = wrapper.application; includeInIndex = 0; path = BusBrain.app; sourceTree = BUILT_PRODUCTS_DIR; };
		A15BFA741569C5E8004651B9 /* UIKit.framework */ = {isa = PBXFileReference; lastKnownFileType = wrapper.framework; name = UIKit.framework; path = System/Library/Frameworks/UIKit.framework; sourceTree = SDKROOT; };
		A15BFA761569C5E8004651B9 /* Foundation.framework */ = {isa = PBXFileReference; lastKnownFileType = wrapper.framework; name = Foundation.framework; path = System/Library/Frameworks/Foundation.framework; sourceTree = SDKROOT; };
		A15BFA781569C5E8004651B9 /* CoreGraphics.framework */ = {isa = PBXFileReference; lastKnownFileType = wrapper.framework; name = CoreGraphics.framework; path = System/Library/Frameworks/CoreGraphics.framework; sourceTree = SDKROOT; };
		A1C637791569C68A004D06D9 /* BusBrain-Info.plist */ = {isa = PBXFileReference; fileEncoding = 4; lastKnownFileType = text.plist.xml; path = "BusBrain-Info.plist"; sourceTree = "<group>"; };
		A1C6377A1569C68A004D06D9 /* BusBrain-Prefix.pch */ = {isa = PBXFileReference; fileEncoding = 4; lastKnownFileType = sourcecode.c.h; path = "BusBrain-Prefix.pch"; sourceTree = "<group>"; };
		A1C6377D1569C68A004D06D9 /* AFHTTPClient.h */ = {isa = PBXFileReference; fileEncoding = 4; lastKnownFileType = sourcecode.c.h; path = AFHTTPClient.h; sourceTree = "<group>"; };
		A1C6377E1569C68A004D06D9 /* AFHTTPClient.m */ = {isa = PBXFileReference; fileEncoding = 4; lastKnownFileType = sourcecode.c.objc; path = AFHTTPClient.m; sourceTree = "<group>"; };
		A1C6377F1569C68A004D06D9 /* AFHTTPRequestOperation.h */ = {isa = PBXFileReference; fileEncoding = 4; lastKnownFileType = sourcecode.c.h; path = AFHTTPRequestOperation.h; sourceTree = "<group>"; };
		A1C637801569C68A004D06D9 /* AFHTTPRequestOperation.m */ = {isa = PBXFileReference; fileEncoding = 4; lastKnownFileType = sourcecode.c.objc; path = AFHTTPRequestOperation.m; sourceTree = "<group>"; };
		A1C637811569C68A004D06D9 /* AFImageRequestOperation.h */ = {isa = PBXFileReference; fileEncoding = 4; lastKnownFileType = sourcecode.c.h; path = AFImageRequestOperation.h; sourceTree = "<group>"; };
		A1C637821569C68A004D06D9 /* AFImageRequestOperation.m */ = {isa = PBXFileReference; fileEncoding = 4; lastKnownFileType = sourcecode.c.objc; path = AFImageRequestOperation.m; sourceTree = "<group>"; };
		A1C637831569C68A004D06D9 /* AFJSONRequestOperation.h */ = {isa = PBXFileReference; fileEncoding = 4; lastKnownFileType = sourcecode.c.h; path = AFJSONRequestOperation.h; sourceTree = "<group>"; };
		A1C637841569C68A004D06D9 /* AFJSONRequestOperation.m */ = {isa = PBXFileReference; fileEncoding = 4; lastKnownFileType = sourcecode.c.objc; path = AFJSONRequestOperation.m; sourceTree = "<group>"; };
		A1C637851569C68A004D06D9 /* AFJSONUtilities.h */ = {isa = PBXFileReference; fileEncoding = 4; lastKnownFileType = sourcecode.c.h; path = AFJSONUtilities.h; sourceTree = "<group>"; };
		A1C637861569C68A004D06D9 /* AFJSONUtilities.m */ = {isa = PBXFileReference; fileEncoding = 4; lastKnownFileType = sourcecode.c.objc; path = AFJSONUtilities.m; sourceTree = "<group>"; };
		A1C637871569C68A004D06D9 /* AFNetworkActivityIndicatorManager.h */ = {isa = PBXFileReference; fileEncoding = 4; lastKnownFileType = sourcecode.c.h; path = AFNetworkActivityIndicatorManager.h; sourceTree = "<group>"; };
		A1C637881569C68A004D06D9 /* AFNetworkActivityIndicatorManager.m */ = {isa = PBXFileReference; fileEncoding = 4; lastKnownFileType = sourcecode.c.objc; path = AFNetworkActivityIndicatorManager.m; sourceTree = "<group>"; };
		A1C637891569C68A004D06D9 /* AFNetworking.h */ = {isa = PBXFileReference; fileEncoding = 4; lastKnownFileType = sourcecode.c.h; path = AFNetworking.h; sourceTree = "<group>"; };
		A1C6378A1569C68A004D06D9 /* AFPropertyListRequestOperation.h */ = {isa = PBXFileReference; fileEncoding = 4; lastKnownFileType = sourcecode.c.h; path = AFPropertyListRequestOperation.h; sourceTree = "<group>"; };
		A1C6378B1569C68A004D06D9 /* AFPropertyListRequestOperation.m */ = {isa = PBXFileReference; fileEncoding = 4; lastKnownFileType = sourcecode.c.objc; path = AFPropertyListRequestOperation.m; sourceTree = "<group>"; };
		A1C6378C1569C68A004D06D9 /* AFURLConnectionOperation.h */ = {isa = PBXFileReference; fileEncoding = 4; lastKnownFileType = sourcecode.c.h; path = AFURLConnectionOperation.h; sourceTree = "<group>"; };
		A1C6378D1569C68A004D06D9 /* AFURLConnectionOperation.m */ = {isa = PBXFileReference; fileEncoding = 4; lastKnownFileType = sourcecode.c.objc; path = AFURLConnectionOperation.m; sourceTree = "<group>"; };
		A1C6378E1569C68A004D06D9 /* AFXMLRequestOperation.h */ = {isa = PBXFileReference; fileEncoding = 4; lastKnownFileType = sourcecode.c.h; path = AFXMLRequestOperation.h; sourceTree = "<group>"; };
		A1C6378F1569C68A004D06D9 /* AFXMLRequestOperation.m */ = {isa = PBXFileReference; fileEncoding = 4; lastKnownFileType = sourcecode.c.objc; path = AFXMLRequestOperation.m; sourceTree = "<group>"; };
		A1C637901569C68A004D06D9 /* UIImageView+AFNetworking.h */ = {isa = PBXFileReference; fileEncoding = 4; lastKnownFileType = sourcecode.c.h; path = "UIImageView+AFNetworking.h"; sourceTree = "<group>"; };
		A1C637911569C68A004D06D9 /* UIImageView+AFNetworking.m */ = {isa = PBXFileReference; fileEncoding = 4; lastKnownFileType = sourcecode.c.objc; path = "UIImageView+AFNetworking.m"; sourceTree = "<group>"; };
		A1C637961569C68A004D06D9 /* MBProgressHUD.m */ = {isa = PBXFileReference; fileEncoding = 4; lastKnownFileType = sourcecode.c.objc; path = MBProgressHUD.m; sourceTree = "<group>"; };
		A1C6379A1569C68A004D06D9 /* Route.h */ = {isa = PBXFileReference; fileEncoding = 4; lastKnownFileType = sourcecode.c.h; path = Route.h; sourceTree = "<group>"; };
		A1C6379B1569C68A004D06D9 /* Route.m */ = {isa = PBXFileReference; fileEncoding = 4; lastKnownFileType = sourcecode.c.objc; path = Route.m; sourceTree = "<group>"; };
		A1C6379C1569C68A004D06D9 /* Stop.h */ = {isa = PBXFileReference; fileEncoding = 4; lastKnownFileType = sourcecode.c.h; path = Stop.h; sourceTree = "<group>"; };
		A1C6379D1569C68A004D06D9 /* Stop.m */ = {isa = PBXFileReference; fileEncoding = 4; lastKnownFileType = sourcecode.c.objc; path = Stop.m; sourceTree = "<group>"; };
		A1C6379E1569C68A004D06D9 /* StopTime.h */ = {isa = PBXFileReference; fileEncoding = 4; lastKnownFileType = sourcecode.c.h; path = StopTime.h; sourceTree = "<group>"; };
		A1C6379F1569C68A004D06D9 /* StopTime.m */ = {isa = PBXFileReference; fileEncoding = 4; lastKnownFileType = sourcecode.c.objc; path = StopTime.m; sourceTree = "<group>"; };
		A1C637A21569C68A004D06D9 /* TransitAPIClient.h */ = {isa = PBXFileReference; fileEncoding = 4; lastKnownFileType = sourcecode.c.h; path = TransitAPIClient.h; sourceTree = "<group>"; };
		A1C637A31569C68A004D06D9 /* TransitAPIClient.m */ = {isa = PBXFileReference; fileEncoding = 4; lastKnownFileType = sourcecode.c.objc; path = TransitAPIClient.m; sourceTree = "<group>"; };
		A1C637A61569C68A004D06D9 /* en */ = {isa = PBXFileReference; lastKnownFileType = text.plist.strings; name = en; path = en.lproj/InfoPlist.strings; sourceTree = "<group>"; };
		A1C637A71569C68A004D06D9 /* main.m */ = {isa = PBXFileReference; fileEncoding = 4; lastKnownFileType = sourcecode.c.objc; path = main.m; sourceTree = "<group>"; };
		A1C637BE1569C6C7004D06D9 /* NSString+BeetleFight.h */ = {isa = PBXFileReference; fileEncoding = 4; lastKnownFileType = sourcecode.c.h; path = "NSString+BeetleFight.h"; sourceTree = "<group>"; };
		A1C637BF1569C6C7004D06D9 /* NSString+BeetleFight.m */ = {isa = PBXFileReference; fileEncoding = 4; lastKnownFileType = sourcecode.c.objc; path = "NSString+BeetleFight.m"; sourceTree = "<group>"; };
		A1C637C11569C6FD004D06D9 /* MapKit.framework */ = {isa = PBXFileReference; lastKnownFileType = wrapper.framework; name = MapKit.framework; path = System/Library/Frameworks/MapKit.framework; sourceTree = SDKROOT; };
		A1C637C31569C75F004D06D9 /* CoreLocation.framework */ = {isa = PBXFileReference; lastKnownFileType = wrapper.framework; name = CoreLocation.framework; path = System/Library/Frameworks/CoreLocation.framework; sourceTree = SDKROOT; };
		A1EE5AB215ED134E00B21B1B /* BusBrain.entitlements */ = {isa = PBXFileReference; lastKnownFileType = text.xml; path = BusBrain.entitlements; sourceTree = "<group>"; };
/* End PBXFileReference section */

/* Begin PBXFrameworksBuildPhase section */
		A15BFA6D1569C5E8004651B9 /* Frameworks */ = {
			isa = PBXFrameworksBuildPhase;
			buildActionMask = 2147483647;
			files = (
				52DB933A16B5552900876E04 /* SystemConfiguration.framework in Frameworks */,
				52DB933816B554DD00876E04 /* CoreData.framework in Frameworks */,
				52EA1597160E85AA009516ED /* CFNetwork.framework in Frameworks */,
				5290EA4E15FC120B00FFE0E7 /* MessageUI.framework in Frameworks */,
				522CF4D41574069D006B1F04 /* CoreText.framework in Frameworks */,
				522CF4D21574068F006B1F04 /* QuartzCore.framework in Frameworks */,
				A1C637C41569C75F004D06D9 /* CoreLocation.framework in Frameworks */,
				A1C637C21569C6FD004D06D9 /* MapKit.framework in Frameworks */,
				A15BFA751569C5E8004651B9 /* UIKit.framework in Frameworks */,
				A15BFA771569C5E8004651B9 /* Foundation.framework in Frameworks */,
				A15BFA791569C5E8004651B9 /* CoreGraphics.framework in Frameworks */,
				52DB933416B5534900876E04 /* libGoogleAnalytics_debug.a in Frameworks */,
				52DB933516B5534900876E04 /* libGoogleAnalytics.a in Frameworks */,
			);
			runOnlyForDeploymentPostprocessing = 0;
		};
/* End PBXFrameworksBuildPhase section */

/* Begin PBXGroup section */
		52158DE21698550600AB4876 /* Tables */ = {
			isa = PBXGroup;
			children = (
				5275A17B158D14980095B382 /* BusTable.h */,
				5275A17A158D14980095B382 /* BusTable.m */,
				522CF49615740461006B1F04 /* MainTableViewController.h */,
				522CF49715740461006B1F04 /* MainTableViewController.m */,
				52E627F4158819B400ACF885 /* SearchTableViewController.h */,
				52E627F3158819B400ACF885 /* SearchTableViewController.m */,
				52158DE3169855BF00AB4876 /* RouteTableViewController.h */,
				52158DE4169855BF00AB4876 /* RouteTableViewController.m */,
				524E60C11699DE6100964351 /* StopViewController.h */,
				524E60C21699DE6100964351 /* StopViewController.m */,
				524E60C51699E21700964351 /* TripViewController.h */,
				524E60C61699E21700964351 /* TripViewController.m */,
				522CF49C15740461006B1F04 /* StopTimesTableViewController.h */,
				522CF49D15740461006B1F04 /* StopTimesTableViewController.m */,
			);
			name = Tables;
			sourceTree = "<group>";
		};
		522CF4A4157404F1006B1F04 /* SVSegmentedControl */ = {
			isa = PBXGroup;
			children = (
				522CF4A5157404F1006B1F04 /* SVSegmentedControl.h */,
				522CF4A6157404F1006B1F04 /* SVSegmentedControl.m */,
				522CF4A7157404F1006B1F04 /* SVSegmentedThumb.h */,
				522CF4A8157404F1006B1F04 /* SVSegmentedThumb.m */,
			);
			name = SVSegmentedControl;
			path = Controllers/SVSegmentedControl;
			sourceTree = "<group>";
		};
		522CF4B1157405E7006B1F04 /* EGOTableViewPullRefresh */ = {
			isa = PBXGroup;
			children = (
				522CF4B61574060E006B1F04 /* Classes */,
				522CF4BA1574060E006B1F04 /* Resources */,
			);
			name = EGOTableViewPullRefresh;
			sourceTree = "<group>";
		};
		522CF4B61574060E006B1F04 /* Classes */ = {
			isa = PBXGroup;
			children = (
				522CF4B71574060E006B1F04 /* View */,
			);
			name = Classes;
			path = EGOTableViewPullRefresh/Classes;
			sourceTree = "<group>";
		};
		522CF4B71574060E006B1F04 /* View */ = {
			isa = PBXGroup;
			children = (
				522CF4B81574060E006B1F04 /* EGORefreshTableHeaderView.h */,
				522CF4B91574060E006B1F04 /* EGORefreshTableHeaderView.m */,
			);
			path = View;
			sourceTree = "<group>";
		};
		522CF4BA1574060E006B1F04 /* Resources */ = {
			isa = PBXGroup;
			children = (
				522CF4BB1574060E006B1F04 /* blackArrow.png */,
				522CF4BC1574060E006B1F04 /* blackArrow@2x.png */,
				522CF4BD1574060E006B1F04 /* blueArrow.png */,
				522CF4BE1574060E006B1F04 /* blueArrow@2x.png */,
				522CF4BF1574060E006B1F04 /* grayArrow.png */,
				522CF4C01574060E006B1F04 /* grayArrow@2x.png */,
				522CF4C11574060E006B1F04 /* whiteArrow.png */,
				522CF4C21574060E006B1F04 /* whiteArrow@2x.png */,
			);
			name = Resources;
			path = EGOTableViewPullRefresh/Resources;
			sourceTree = "<group>";
		};
		522CF54C15741097006B1F04 /* Data */ = {
			isa = PBXGroup;
			children = (
				5216AEAF15F6DA7C005DF9B2 /* data_cache.json */,
			);
			name = Data;
			sourceTree = "<group>";
		};
		522CF57115745F1F006B1F04 /* OHAttributedLabel */ = {
			isa = PBXGroup;
			children = (
				522CF57315745F44006B1F04 /* NSAttributedString+Attributes.h */,
				522CF57415745F44006B1F04 /* NSAttributedString+Attributes.m */,
				522CF57515745F44006B1F04 /* OHAttributedLabel.h */,
				522CF57615745F44006B1F04 /* OHAttributedLabel.m */,
			);
			name = OHAttributedLabel;
			sourceTree = "<group>";
		};
		522CF5BF15763F5E006B1F04 /* 3rd Party */ = {
			isa = PBXGroup;
			children = (
				52850901160E8513001FEEF4 /* Google */,
				52487455159D292D00DADD72 /* HUD */,
				A1C6377C1569C68A004D06D9 /* AFNetworking */,
				522CF4B1157405E7006B1F04 /* EGOTableViewPullRefresh */,
				522CF57115745F1F006B1F04 /* OHAttributedLabel */,
				522CF4A4157404F1006B1F04 /* SVSegmentedControl */,
			);
			name = "3rd Party";
			sourceTree = "<group>";
		};
		52487455159D292D00DADD72 /* HUD */ = {
			isa = PBXGroup;
			children = (
				5248745F159D33DA00DADD72 /* MBProgressHUD.h */,
				A1C637961569C68A004D06D9 /* MBProgressHUD.m */,
			);
			name = HUD;
			sourceTree = "<group>";
		};
		5260A6F216A2FCE100AE184A /* Categories */ = {
			isa = PBXGroup;
			children = (
				52E8949A1680070C0043B492 /* NSDate+BusBrain.h */,
				52E8949B1680070C0043B492 /* NSDate+BusBrain.m */,
				522CF4781574032F006B1F04 /* BusBrainAppDelegate.h */,
				522CF4791574032F006B1F04 /* BusBrainAppDelegate.m */,
				A1C637BE1569C6C7004D06D9 /* NSString+BeetleFight.h */,
				A1C637BF1569C6C7004D06D9 /* NSString+BeetleFight.m */,
			);
			name = Categories;
			sourceTree = "<group>";
		};
		52850901160E8513001FEEF4 /* Google */ = {
			isa = PBXGroup;
			children = (
				52DB932D16B5534900876E04 /* GAI.h */,
				52DB932E16B5534900876E04 /* GAITrackedViewController.h */,
				52DB932F16B5534900876E04 /* GAITracker.h */,
				52DB933016B5534900876E04 /* GAITransaction.h */,
				52DB933116B5534900876E04 /* GAITransactionItem.h */,
				52DB933216B5534900876E04 /* libGoogleAnalytics_debug.a */,
				52DB933316B5534900876E04 /* libGoogleAnalytics.a */,
			);
			name = Google;
			sourceTree = "<group>";
		};
		52E8943B167D27E10043B492 /* onboard */ = {
			isa = PBXGroup;
			children = (
				52E8943D167D27EE0043B492 /* onboard-568h@2x.png */,
				52E8943E167D27EE0043B492 /* onboard.png */,
				52E8943F167D27EE0043B492 /* onboard@2x.png */,
			);
			name = onboard;
			sourceTree = "<group>";
		};
		A15BFA651569C5E8004651B9 = {
			isa = PBXGroup;
			children = (
				52340C4F1640A6A80001B619 /* Default@2x.png */,
				52340C501640A6A80001B619 /* Default.png */,
				52AEC5BC1602D604004C548E /* Default-568h@2x.png */,
				5222D42B15D49379007B9ABE /* Icon@2x.png */,
				5222D42915D4936D007B9ABE /* Icon-Small@2x.png */,
				A1C637A81569C68A004D06D9 /* Mockups */,
				A1C637771569C68A004D06D9 /* BusBrain */,
				A15BFA731569C5E8004651B9 /* Frameworks */,
				A15BFA711569C5E8004651B9 /* Products */,
			);
			sourceTree = "<group>";
		};
		A15BFA711569C5E8004651B9 /* Products */ = {
			isa = PBXGroup;
			children = (
				A15BFA701569C5E8004651B9 /* BusBrain.app */,
			);
			name = Products;
			sourceTree = "<group>";
		};
		A15BFA731569C5E8004651B9 /* Frameworks */ = {
			isa = PBXGroup;
			children = (
				52DB933916B5552900876E04 /* SystemConfiguration.framework */,
				52DB933716B554DD00876E04 /* CoreData.framework */,
				52EA1596160E85AA009516ED /* CFNetwork.framework */,
				5290EA4D15FC120B00FFE0E7 /* MessageUI.framework */,
				522CF4D31574069D006B1F04 /* CoreText.framework */,
				522CF4D11574068F006B1F04 /* QuartzCore.framework */,
				A1C637C31569C75F004D06D9 /* CoreLocation.framework */,
				A1C637C11569C6FD004D06D9 /* MapKit.framework */,
				A15BFA741569C5E8004651B9 /* UIKit.framework */,
				A15BFA761569C5E8004651B9 /* Foundation.framework */,
				A15BFA781569C5E8004651B9 /* CoreGraphics.framework */,
			);
			name = Frameworks;
			sourceTree = "<group>";
		};
		A1C637771569C68A004D06D9 /* BusBrain */ = {
			isa = PBXGroup;
			children = (
				A1C637781569C68A004D06D9 /* Assets */,
				522CF54C15741097006B1F04 /* Data */,
				A1C6377B1569C68A004D06D9 /* Classes */,
				522CF4D5157407D0006B1F04 /* MainWindow.xib */,
				A1EE5AB215ED134E00B21B1B /* BusBrain.entitlements */,
				A1C637791569C68A004D06D9 /* BusBrain-Info.plist */,
				A1C6377A1569C68A004D06D9 /* BusBrain-Prefix.pch */,
				A1C637A51569C68A004D06D9 /* InfoPlist.strings */,
				A1C637A71569C68A004D06D9 /* main.m */,
			);
			path = BusBrain;
			sourceTree = "<group>";
		};
		A1C637781569C68A004D06D9 /* Assets */ = {
			isa = PBXGroup;
			children = (
				52E8943B167D27E10043B492 /* onboard */,
				52589C4E166BB956002A45EB /* btn_back_down@2x.png */,
				52589C4F166BB956002A45EB /* btn_back_down.png */,
				52589C50166BB956002A45EB /* btn_back_norm.png */,
				52589C51166BB956002A45EB /* btn_back_norm@2x.png */,
				5274F2A81640056A00980179 /* btn_search_down.png */,
				5274F2A91640056A00980179 /* btn_search_down@2x.png */,
				5274F2AA1640056A00980179 /* btn_search_norm.png */,
				5274F2AB1640056A00980179 /* btn_search_norm@2x.png */,
				52B98497163F63F300934EA9 /* bg_splash.png */,
				52B98498163F63F300934EA9 /* bg_splash@2X.png */,
				52B9849B163F643100934EA9 /* bg_splash-568h@2x.png */,
				5274F2CA16405A5300980179 /* loader.png */,
				5274F2CB16405A5300980179 /* loader@2x.png */,
				A14DC56D15F98D5700DAF8CB /* icon_info.png */,
				A14DC56E15F98D5700DAF8CB /* icon_info@2x.png */,
				522CF4E315740F21006B1F04 /* 11-clock.png */,
				522CF4E415740F21006B1F04 /* 11-clock@2x.png */,
				522CF4E715740F21006B1F04 /* 90-lifebuoy.png */,
				522CF4E815740F21006B1F04 /* 90-lifebuoy@2x.png */,
				522CF4E915740F21006B1F04 /* arrow_cell.png */,
				522CF4EA15740F21006B1F04 /* arrow_cell@2x.png */,
				522CF4EB15740F21006B1F04 /* arrow_lg.png */,
				522CF4EC15740F21006B1F04 /* arrow_lg@2x.png */,
				522CF4ED15740F21006B1F04 /* background_texture.png */,
				522CF4EE15740F21006B1F04 /* background_texture@2x.png */,
				522CF4EF15740F21006B1F04 /* bg_app.png */,
				522CF4F015740F21006B1F04 /* bg_app@2x.png */,
				522CF4F115740F21006B1F04 /* bg_cell.png */,
				522CF4F215740F21006B1F04 /* bg_cell@2x.png */,
				522CF4F315740F21006B1F04 /* bg_header.png */,
				522CF4F415740F21006B1F04 /* bg_header@2x.png */,
				522CF4F515740F21006B1F04 /* bg_timer.png */,
				522CF4F615740F21006B1F04 /* bg_timer@2x.png */,
				522CF4F715740F21006B1F04 /* btn_routes_norm.png */,
				522CF4F815740F21006B1F04 /* btn_routes_norm@2x.png */,
				522CF4F915740F21006B1F04 /* btn.png */,
				522CF4FA15740F21006B1F04 /* btn@2x.png */,
				522CF4FB15740F21006B1F04 /* clock.png */,
				522CF4FC15740F21006B1F04 /* clock@2x.png */,
				522CF4FF15740F21006B1F04 /* exclamation.png */,
				522CF50015740F21006B1F04 /* exclamation@2x.png */,
				522CF50115740F21006B1F04 /* header_bar_default.png */,
				522CF50215740F21006B1F04 /* header_bar_default@2x.png */,
				522CF50315740F21006B1F04 /* header_shadow.png */,
				522CF50415740F21006B1F04 /* header_shadow@2x.png */,
				522CF50715740F21006B1F04 /* icon_arrow.png */,
				522CF50815740F21006B1F04 /* icon_arrow@2x.png */,
				522CF50915740F21006B1F04 /* icon_clock.png */,
				522CF50A15740F21006B1F04 /* icon_clock@2x.png */,
				522CF50D15740F21006B1F04 /* icon_news.png */,
				522CF50E15740F21006B1F04 /* icon_news@2x.png */,
				520DA83D15FB88B8008A5463 /* info_cell_bottom.png */,
				520DA83E15FB88B8008A5463 /* info_cell_bottom@2x.png */,
				520DA83F15FB88B8008A5463 /* info_cell_middle.png */,
				520DA84015FB88B8008A5463 /* info_cell_middle@2x.png */,
				520DA84115FB88B8008A5463 /* info_cell_single.png */,
				520DA84215FB88B8008A5463 /* info_cell_single@2x.png */,
				520DA84315FB88B8008A5463 /* info_cell_top.png */,
				520DA84415FB88B8008A5463 /* info_cell_top@2x.png */,
			);
			path = Assets;
			sourceTree = "<group>";
		};
		A1C6377B1569C68A004D06D9 /* Classes */ = {
			isa = PBXGroup;
			children = (
				5260A6F216A2FCE100AE184A /* Categories */,
				A1C637941569C68A004D06D9 /* Controllers */,
				A1C637A41569C68A004D06D9 /* Views */,
				A1C637971569C68A004D06D9 /* Models */,
				522CF5BF15763F5E006B1F04 /* 3rd Party */,
			);
			path = Classes;
			sourceTree = "<group>";
		};
		A1C6377C1569C68A004D06D9 /* AFNetworking */ = {
			isa = PBXGroup;
			children = (
				A1C6377D1569C68A004D06D9 /* AFHTTPClient.h */,
				A1C6377E1569C68A004D06D9 /* AFHTTPClient.m */,
				A1C6377F1569C68A004D06D9 /* AFHTTPRequestOperation.h */,
				A1C637801569C68A004D06D9 /* AFHTTPRequestOperation.m */,
				A1C637811569C68A004D06D9 /* AFImageRequestOperation.h */,
				A1C637821569C68A004D06D9 /* AFImageRequestOperation.m */,
				A1C637831569C68A004D06D9 /* AFJSONRequestOperation.h */,
				A1C637841569C68A004D06D9 /* AFJSONRequestOperation.m */,
				A1C637851569C68A004D06D9 /* AFJSONUtilities.h */,
				A1C637861569C68A004D06D9 /* AFJSONUtilities.m */,
				A1C637871569C68A004D06D9 /* AFNetworkActivityIndicatorManager.h */,
				A1C637881569C68A004D06D9 /* AFNetworkActivityIndicatorManager.m */,
				A1C637891569C68A004D06D9 /* AFNetworking.h */,
				A1C6378A1569C68A004D06D9 /* AFPropertyListRequestOperation.h */,
				A1C6378B1569C68A004D06D9 /* AFPropertyListRequestOperation.m */,
				A1C6378C1569C68A004D06D9 /* AFURLConnectionOperation.h */,
				A1C6378D1569C68A004D06D9 /* AFURLConnectionOperation.m */,
				A1C6378E1569C68A004D06D9 /* AFXMLRequestOperation.h */,
				A1C6378F1569C68A004D06D9 /* AFXMLRequestOperation.m */,
				A1C637901569C68A004D06D9 /* UIImageView+AFNetworking.h */,
				A1C637911569C68A004D06D9 /* UIImageView+AFNetworking.m */,
			);
			path = AFNetworking;
			sourceTree = "<group>";
		};
		A1C637941569C68A004D06D9 /* Controllers */ = {
			isa = PBXGroup;
			children = (
				52E89443167D28250043B492 /* OnboardViewController.h */,
				52E89444167D28250043B492 /* OnboardViewController.m */,
				5282A38C1593FDDA00B258CB /* SpashViewController.h */,
				5282A38B1593FDD900B258CB /* SpashViewController.m */,
				52158DE21698550600AB4876 /* Tables */,
				522CF49415740461006B1F04 /* InfoTableViewController.h */,
				522CF49515740461006B1F04 /* InfoTableViewController.m */,
				5216AF6C15FB866E005DF9B2 /* InfoDetailViewController.h */,
				5216AF6D15FB8670005DF9B2 /* InfoDetailViewController.m */,
			);
			path = Controllers;
			sourceTree = "<group>";
		};
		A1C637971569C68A004D06D9 /* Models */ = {
			isa = PBXGroup;
			children = (
				52BA80771697AD6E005508A7 /* DataCache.h */,
				52BA80781697AD6E005508A7 /* DataCache.m */,
				5275A193158E64060095B382 /* BusLooknFeel.h */,
				5275A194158E64060095B382 /* BusLooknFeel.m */,
				522CF4AB15740565006B1F04 /* FunnyPhrase.h */,
				522CF4AC15740565006B1F04 /* FunnyPhrase.m */,
				522CF4AD15740565006B1F04 /* Info.h */,
				522CF4AE15740565006B1F04 /* Info.m */,
				A1C6379A1569C68A004D06D9 /* Route.h */,
				A1C6379B1569C68A004D06D9 /* Route.m */,
				A1C6379C1569C68A004D06D9 /* Stop.h */,
				A1C6379D1569C68A004D06D9 /* Stop.m */,
				524E60C81699E33400964351 /* Trip.h */,
				524E60C91699E33400964351 /* Trip.m */,
				A1C6379E1569C68A004D06D9 /* StopTime.h */,
				A1C6379F1569C68A004D06D9 /* StopTime.m */,
				A1C637A21569C68A004D06D9 /* TransitAPIClient.h */,
				A1C637A31569C68A004D06D9 /* TransitAPIClient.m */,
			);
			path = Models;
			sourceTree = "<group>";
		};
		A1C637A41569C68A004D06D9 /* Views */ = {
			isa = PBXGroup;
			children = (
				526856FB158D0B74000A99BB /* BusTableCell.h */,
				526856FC158D0B75000A99BB /* BusTableCell.m */,
				522CF47B1574040B006B1F04 /* CountDownView.h */,
				522CF47C1574040B006B1F04 /* CountDownView.m */,
				52E627EF1586CE4000ACF885 /* StopCell.h */,
				52E627F01586CE4000ACF885 /* StopCell.m */,
				5260A73916A30F1700AE184A /* CountDownCell.h */,
				5260A73A16A30F1800AE184A /* CountDownCell.m */,
				5260A6F316A302F300AE184A /* RouteCell.h */,
				5260A6F416A302F300AE184A /* RouteCell.m */,
				5260A6F616A3071900AE184A /* TripCell.h */,
				5260A6F716A3071A00AE184A /* TripCell.m */,
				522CF4891574040B006B1F04 /* StopTimeCell.h */,
				522CF48A1574040B006B1F04 /* StopTimeCell.m */,
				524D8D0A15FC165B00280258 /* NoStops.h */,
				524D8D0B15FC165B00280258 /* NoStops.m */,
			);
			path = Views;
			sourceTree = "<group>";
		};
		A1C637A81569C68A004D06D9 /* Mockups */ = {
			isa = PBXGroup;
			children = (
				522CF5C015763FEE006B1F04 /* routes.png */,
			);
			name = Mockups;
			path = BusBrain/Mockups;
			sourceTree = "<group>";
		};
/* End PBXGroup section */

/* Begin PBXNativeTarget section */
		A15BFA6F1569C5E8004651B9 /* BusBrain */ = {
			isa = PBXNativeTarget;
			buildConfigurationList = A15BFA881569C5E8004651B9 /* Build configuration list for PBXNativeTarget "BusBrain" */;
			buildPhases = (
				A15BFA6C1569C5E8004651B9 /* Sources */,
				A15BFA6D1569C5E8004651B9 /* Frameworks */,
				A15BFA6E1569C5E8004651B9 /* Resources */,
			);
			buildRules = (
			);
			dependencies = (
			);
			name = BusBrain;
			productName = BusBrain;
			productReference = A15BFA701569C5E8004651B9 /* BusBrain.app */;
			productType = "com.apple.product-type.application";
		};
/* End PBXNativeTarget section */

/* Begin PBXProject section */
		A15BFA671569C5E8004651B9 /* Project object */ = {
			isa = PBXProject;
			attributes = {
				LastUpgradeCheck = 0430;
				ORGANIZATIONNAME = "";
			};
			buildConfigurationList = A15BFA6A1569C5E8004651B9 /* Build configuration list for PBXProject "BusBrain" */;
			compatibilityVersion = "Xcode 3.2";
			developmentRegion = English;
			hasScannedForEncodings = 0;
			knownRegions = (
				en,
			);
			mainGroup = A15BFA651569C5E8004651B9;
			productRefGroup = A15BFA711569C5E8004651B9 /* Products */;
			projectDirPath = "";
			projectRoot = "";
			targets = (
				A15BFA6F1569C5E8004651B9 /* BusBrain */,
			);
		};
/* End PBXProject section */

/* Begin PBXResourcesBuildPhase section */
		A15BFA6E1569C5E8004651B9 /* Resources */ = {
			isa = PBXResourcesBuildPhase;
			buildActionMask = 2147483647;
			files = (
				A1C637BC1569C68A004D06D9 /* InfoPlist.strings in Resources */,
				522CF4C41574060E006B1F04 /* blackArrow.png in Resources */,
				522CF4C51574060E006B1F04 /* blackArrow@2x.png in Resources */,
				522CF4C61574060E006B1F04 /* blueArrow.png in Resources */,
				522CF4C71574060E006B1F04 /* blueArrow@2x.png in Resources */,
				522CF4C81574060E006B1F04 /* grayArrow.png in Resources */,
				522CF4C91574060E006B1F04 /* grayArrow@2x.png in Resources */,
				522CF4CA1574060E006B1F04 /* whiteArrow.png in Resources */,
				522CF4CB1574060E006B1F04 /* whiteArrow@2x.png in Resources */,
				522CF4D6157407D1006B1F04 /* MainWindow.xib in Resources */,
				522CF51715740F21006B1F04 /* 11-clock.png in Resources */,
				522CF51815740F21006B1F04 /* 11-clock@2x.png in Resources */,
				522CF51B15740F21006B1F04 /* 90-lifebuoy.png in Resources */,
				522CF51C15740F21006B1F04 /* 90-lifebuoy@2x.png in Resources */,
				522CF51D15740F21006B1F04 /* arrow_cell.png in Resources */,
				522CF51E15740F21006B1F04 /* arrow_cell@2x.png in Resources */,
				522CF51F15740F21006B1F04 /* arrow_lg.png in Resources */,
				522CF52015740F21006B1F04 /* arrow_lg@2x.png in Resources */,
				522CF52115740F21006B1F04 /* background_texture.png in Resources */,
				522CF52215740F21006B1F04 /* background_texture@2x.png in Resources */,
				522CF52315740F21006B1F04 /* bg_app.png in Resources */,
				522CF52415740F21006B1F04 /* bg_app@2x.png in Resources */,
				522CF52515740F21006B1F04 /* bg_cell.png in Resources */,
				522CF52615740F21006B1F04 /* bg_cell@2x.png in Resources */,
				522CF52715740F21006B1F04 /* bg_header.png in Resources */,
				522CF52815740F21006B1F04 /* bg_header@2x.png in Resources */,
				522CF52915740F21006B1F04 /* bg_timer.png in Resources */,
				522CF52A15740F21006B1F04 /* bg_timer@2x.png in Resources */,
				522CF52B15740F21006B1F04 /* btn_routes_norm.png in Resources */,
				522CF52C15740F21006B1F04 /* btn_routes_norm@2x.png in Resources */,
				522CF52D15740F21006B1F04 /* btn.png in Resources */,
				522CF52E15740F21006B1F04 /* btn@2x.png in Resources */,
				522CF52F15740F21006B1F04 /* clock.png in Resources */,
				522CF53015740F21006B1F04 /* clock@2x.png in Resources */,
				522CF53315740F21006B1F04 /* exclamation.png in Resources */,
				522CF53415740F21006B1F04 /* exclamation@2x.png in Resources */,
				522CF53515740F21006B1F04 /* header_bar_default.png in Resources */,
				522CF53615740F21006B1F04 /* header_bar_default@2x.png in Resources */,
				522CF53715740F21006B1F04 /* header_shadow.png in Resources */,
				522CF53815740F21006B1F04 /* header_shadow@2x.png in Resources */,
				522CF53B15740F21006B1F04 /* icon_arrow.png in Resources */,
				522CF53C15740F21006B1F04 /* icon_arrow@2x.png in Resources */,
				522CF53D15740F21006B1F04 /* icon_clock.png in Resources */,
				522CF53E15740F21006B1F04 /* icon_clock@2x.png in Resources */,
				522CF54115740F21006B1F04 /* icon_news.png in Resources */,
				522CF54215740F21006B1F04 /* icon_news@2x.png in Resources */,
				522CF5C115763FEE006B1F04 /* routes.png in Resources */,
				5222D42A15D4936D007B9ABE /* Icon-Small@2x.png in Resources */,
				5222D42C15D49379007B9ABE /* Icon@2x.png in Resources */,
				5216AEB015F6DA7C005DF9B2 /* data_cache.json in Resources */,
				A14DC56F15F98D5700DAF8CB /* icon_info.png in Resources */,
				A14DC57015F98D5700DAF8CB /* icon_info@2x.png in Resources */,
				520DA84515FB88B8008A5463 /* info_cell_bottom.png in Resources */,
				520DA84615FB88B8008A5463 /* info_cell_bottom@2x.png in Resources */,
				520DA84715FB88B8008A5463 /* info_cell_middle.png in Resources */,
				520DA84815FB88B8008A5463 /* info_cell_middle@2x.png in Resources */,
				520DA84915FB88B8008A5463 /* info_cell_single.png in Resources */,
				520DA84A15FB88B8008A5463 /* info_cell_single@2x.png in Resources */,
				520DA84B15FB88B8008A5463 /* info_cell_top.png in Resources */,
				520DA84C15FB88B8008A5463 /* info_cell_top@2x.png in Resources */,
				52AEC5BD1602D604004C548E /* Default-568h@2x.png in Resources */,
				52B98499163F63F300934EA9 /* bg_splash.png in Resources */,
				52B9849A163F63F300934EA9 /* bg_splash@2X.png in Resources */,
				52B9849C163F643100934EA9 /* bg_splash-568h@2x.png in Resources */,
				5274F2AC1640056A00980179 /* btn_search_down.png in Resources */,
				5274F2AD1640056A00980179 /* btn_search_down@2x.png in Resources */,
				5274F2AE1640056A00980179 /* btn_search_norm.png in Resources */,
				5274F2AF1640056A00980179 /* btn_search_norm@2x.png in Resources */,
				5274F2CC16405A5300980179 /* loader.png in Resources */,
				5274F2CD16405A5300980179 /* loader@2x.png in Resources */,
				52340C511640A6A80001B619 /* Default@2x.png in Resources */,
				52340C521640A6A80001B619 /* Default.png in Resources */,
				52589C52166BB956002A45EB /* btn_back_down@2x.png in Resources */,
				52589C53166BB956002A45EB /* btn_back_down.png in Resources */,
				52589C54166BB956002A45EB /* btn_back_norm.png in Resources */,
				52589C55166BB956002A45EB /* btn_back_norm@2x.png in Resources */,
				52E89440167D27EE0043B492 /* onboard-568h@2x.png in Resources */,
				52E89441167D27EE0043B492 /* onboard.png in Resources */,
				52E89442167D27EE0043B492 /* onboard@2x.png in Resources */,
			);
			runOnlyForDeploymentPostprocessing = 0;
		};
/* End PBXResourcesBuildPhase section */

/* Begin PBXSourcesBuildPhase section */
		A15BFA6C1569C5E8004651B9 /* Sources */ = {
			isa = PBXSourcesBuildPhase;
			buildActionMask = 2147483647;
			files = (
				5282A38D1593FE7400B258CB /* SpashViewController.m in Sources */,
				5275A195158E64590095B382 /* BusLooknFeel.m in Sources */,
				5275A17D158D15190095B382 /* BusTable.m in Sources */,
				52685701158D0D07000A99BB /* BusTableCell.m in Sources */,
				52E627F515881A9F00ACF885 /* SearchTableViewController.m in Sources */,
				52E627F21586CE4C00ACF885 /* StopCell.m in Sources */,
				522CF57715745F63006B1F04 /* NSAttributedString+Attributes.m in Sources */,
				522CF57815745F63006B1F04 /* OHAttributedLabel.m in Sources */,
				522CF4AF15740592006B1F04 /* FunnyPhrase.m in Sources */,
				522CF4B015740592006B1F04 /* Info.m in Sources */,
				522CF49F15740485006B1F04 /* InfoTableViewController.m in Sources */,
				522CF4A015740485006B1F04 /* MainTableViewController.m in Sources */,
				522CF4A315740485006B1F04 /* StopTimesTableViewController.m in Sources */,
				522CF48B15740422006B1F04 /* CountDownView.m in Sources */,
				522CF49115740422006B1F04 /* StopTimeCell.m in Sources */,
				522CF47A157403AA006B1F04 /* BusBrainAppDelegate.m in Sources */,
				A1C637AA1569C68A004D06D9 /* AFHTTPClient.m in Sources */,
				A1C637AB1569C68A004D06D9 /* AFHTTPRequestOperation.m in Sources */,
				A1C637AC1569C68A004D06D9 /* AFImageRequestOperation.m in Sources */,
				A1C637AD1569C68A004D06D9 /* AFJSONRequestOperation.m in Sources */,
				A1C637AE1569C68A004D06D9 /* AFJSONUtilities.m in Sources */,
				A1C637AF1569C68A004D06D9 /* AFNetworkActivityIndicatorManager.m in Sources */,
				A1C637B01569C68A004D06D9 /* AFPropertyListRequestOperation.m in Sources */,
				A1C637B11569C68A004D06D9 /* AFURLConnectionOperation.m in Sources */,
				A1C637B21569C68A004D06D9 /* AFXMLRequestOperation.m in Sources */,
				A1C637B31569C68A004D06D9 /* UIImageView+AFNetworking.m in Sources */,
				A1C637B51569C68A004D06D9 /* MBProgressHUD.m in Sources */,
				A1C637B71569C68A004D06D9 /* Route.m in Sources */,
				A1C637B81569C68A004D06D9 /* Stop.m in Sources */,
				A1C637B91569C68A004D06D9 /* StopTime.m in Sources */,
				A1C637BB1569C68A004D06D9 /* TransitAPIClient.m in Sources */,
				A1C637BD1569C68A004D06D9 /* main.m in Sources */,
				A1C637C01569C6C7004D06D9 /* NSString+BeetleFight.m in Sources */,
				522CF4A9157404F1006B1F04 /* SVSegmentedControl.m in Sources */,
				522CF4AA157404F1006B1F04 /* SVSegmentedThumb.m in Sources */,
				522CF4C31574060E006B1F04 /* EGORefreshTableHeaderView.m in Sources */,
				5216AF6E15FB8673005DF9B2 /* InfoDetailViewController.m in Sources */,
				524D8D0C15FC165B00280258 /* NoStops.m in Sources */,
				52E89445167D28250043B492 /* OnboardViewController.m in Sources */,
				52E8949C1680070D0043B492 /* NSDate+BusBrain.m in Sources */,
				52BA80791697AD6E005508A7 /* DataCache.m in Sources */,
				52158DE5169855BF00AB4876 /* RouteTableViewController.m in Sources */,
				524E60C31699DE6100964351 /* StopViewController.m in Sources */,
				524E60C71699E21700964351 /* TripViewController.m in Sources */,
				524E60CA1699E33400964351 /* Trip.m in Sources */,
				5260A6F516A302F300AE184A /* RouteCell.m in Sources */,
				5260A6F816A3071A00AE184A /* TripCell.m in Sources */,
				5260A73B16A30F1900AE184A /* CountDownCell.m in Sources */,
			);
			runOnlyForDeploymentPostprocessing = 0;
		};
/* End PBXSourcesBuildPhase section */

/* Begin PBXVariantGroup section */
		A1C637A51569C68A004D06D9 /* InfoPlist.strings */ = {
			isa = PBXVariantGroup;
			children = (
				A1C637A61569C68A004D06D9 /* en */,
			);
			name = InfoPlist.strings;
			sourceTree = "<group>";
		};
/* End PBXVariantGroup section */

/* Begin XCBuildConfiguration section */
		A15BFA861569C5E8004651B9 /* Debug */ = {
			isa = XCBuildConfiguration;
			buildSettings = {
				ALWAYS_SEARCH_USER_PATHS = NO;
				ARCHS = "$(ARCHS_STANDARD_32_BIT)";
				"CODE_SIGN_IDENTITY[sdk=iphoneos*]" = "iPhone Distribution: Andy Atkinson";
				COPY_PHASE_STRIP = NO;
				GCC_C_LANGUAGE_STANDARD = gnu99;
				GCC_DYNAMIC_NO_PIC = NO;
				GCC_OPTIMIZATION_LEVEL = 0;
				GCC_PREPROCESSOR_DEFINITIONS = (
					"DEBUG=1",
					"$(inherited)",
				);
				GCC_SYMBOLS_PRIVATE_EXTERN = NO;
				GCC_VERSION = com.apple.compilers.llvm.clang.1_0;
				GCC_WARN_ABOUT_RETURN_TYPE = YES;
				GCC_WARN_UNINITIALIZED_AUTOS = YES;
				GCC_WARN_UNUSED_VARIABLE = YES;
				IPHONEOS_DEPLOYMENT_TARGET = 5.1;
				"PROVISIONING_PROFILE[sdk=iphoneos*]" = "FACE971B-0275-42AA-BCD3-66782996F2EE";
				SDKROOT = iphoneos;
			};
			name = Debug;
		};
		A15BFA871569C5E8004651B9 /* Release */ = {
			isa = XCBuildConfiguration;
			buildSettings = {
				ALWAYS_SEARCH_USER_PATHS = NO;
				ARCHS = "$(ARCHS_STANDARD_32_BIT)";
				"CODE_SIGN_IDENTITY[sdk=iphoneos*]" = "iPhone Distribution: Andy Atkinson";
				COPY_PHASE_STRIP = YES;
				GCC_C_LANGUAGE_STANDARD = gnu99;
				GCC_VERSION = com.apple.compilers.llvm.clang.1_0;
				GCC_WARN_ABOUT_RETURN_TYPE = YES;
				GCC_WARN_UNINITIALIZED_AUTOS = YES;
				GCC_WARN_UNUSED_VARIABLE = YES;
				IPHONEOS_DEPLOYMENT_TARGET = 5.1;
				OTHER_CFLAGS = "-DNS_BLOCK_ASSERTIONS=1";
				"PROVISIONING_PROFILE[sdk=iphoneos*]" = "FACE971B-0275-42AA-BCD3-66782996F2EE";
				SDKROOT = iphoneos;
				VALIDATE_PRODUCT = YES;
			};
			name = Release;
		};
		A15BFA891569C5E8004651B9 /* Debug */ = {
			isa = XCBuildConfiguration;
			buildSettings = {
				CLANG_ENABLE_OBJC_ARC = YES;
				CODE_SIGN_ENTITLEMENTS = BusBrain/BusBrain.entitlements;
				GCC_PRECOMPILE_PREFIX_HEADER = YES;
				GCC_PREFIX_HEADER = "BusBrain/BusBrain-Prefix.pch";
				INFOPLIST_FILE = "BusBrain/BusBrain-Info.plist";
				LIBRARY_SEARCH_PATHS = (
					"$(inherited)",
					"\"$(SRCROOT)/BusBrain/Classes/Google\"",
				);
				PRODUCT_NAME = "$(TARGET_NAME)";
				WRAPPER_EXTENSION = app;
			};
			name = Debug;
		};
		A15BFA8A1569C5E8004651B9 /* Release */ = {
			isa = XCBuildConfiguration;
			buildSettings = {
				CLANG_ENABLE_OBJC_ARC = YES;
				CODE_SIGN_ENTITLEMENTS = BusBrain/BusBrain.entitlements;
				GCC_PRECOMPILE_PREFIX_HEADER = YES;
				GCC_PREFIX_HEADER = "BusBrain/BusBrain-Prefix.pch";
				INFOPLIST_FILE = "BusBrain/BusBrain-Info.plist";
				LIBRARY_SEARCH_PATHS = (
					"$(inherited)",
					"\"$(SRCROOT)/BusBrain/Classes/Google\"",
				);
				PRODUCT_NAME = "$(TARGET_NAME)";
				WRAPPER_EXTENSION = app;
			};
			name = Release;
		};
/* End XCBuildConfiguration section */

/* Begin XCConfigurationList section */
		A15BFA6A1569C5E8004651B9 /* Build configuration list for PBXProject "BusBrain" */ = {
			isa = XCConfigurationList;
			buildConfigurations = (
				A15BFA861569C5E8004651B9 /* Debug */,
				A15BFA871569C5E8004651B9 /* Release */,
			);
			defaultConfigurationIsVisible = 0;
			defaultConfigurationName = Release;
		};
		A15BFA881569C5E8004651B9 /* Build configuration list for PBXNativeTarget "BusBrain" */ = {
			isa = XCConfigurationList;
			buildConfigurations = (
				A15BFA891569C5E8004651B9 /* Debug */,
				A15BFA8A1569C5E8004651B9 /* Release */,
			);
			defaultConfigurationIsVisible = 0;
			defaultConfigurationName = Release;
		};
/* End XCConfigurationList section */
	};
	rootObject = A15BFA671569C5E8004651B9 /* Project object */;
}
